// !$*UTF8*$!
{
	archiveVersion = 1;
	classes = {
	};
	objectVersion = 55;
	objects = {

/* Begin PBXBuildFile section */
		BC8190C7286EFE3600FAD555 /* StoryTabViewController.swift in Sources */ = {isa = PBXBuildFile; fileRef = BC8190C6286EFE3600FAD555 /* StoryTabViewController.swift */; };
		BC8190C9286EFE6D00FAD555 /* StoryCell.swift in Sources */ = {isa = PBXBuildFile; fileRef = BC8190C8286EFE6D00FAD555 /* StoryCell.swift */; };
		BC8B624F285087B000D46416 /* Realm in Frameworks */ = {isa = PBXBuildFile; productRef = BC8B624E285087B000D46416 /* Realm */; };
		BC8B6251285087B000D46416 /* RealmSwift in Frameworks */ = {isa = PBXBuildFile; productRef = BC8B6250285087B000D46416 /* RealmSwift */; };
		BCB0B152285076FF00DE7196 /* AppDelegate.swift in Sources */ = {isa = PBXBuildFile; fileRef = BCB0B151285076FF00DE7196 /* AppDelegate.swift */; };
		BCB0B154285076FF00DE7196 /* SceneDelegate.swift in Sources */ = {isa = PBXBuildFile; fileRef = BCB0B153285076FF00DE7196 /* SceneDelegate.swift */; };
		BCB0B15B2850770000DE7196 /* Assets.xcassets in Resources */ = {isa = PBXBuildFile; fileRef = BCB0B15A2850770000DE7196 /* Assets.xcassets */; };
		BCB0B15E2850770000DE7196 /* LaunchScreen.storyboard in Resources */ = {isa = PBXBuildFile; fileRef = BCB0B15C2850770000DE7196 /* LaunchScreen.storyboard */; };
		BCB0B16B28507C2300DE7196 /* Tabman in Frameworks */ = {isa = PBXBuildFile; productRef = BCB0B16A28507C2300DE7196 /* Tabman */; };
		BCB0B17828507D0B00DE7196 /* Constants.swift in Sources */ = {isa = PBXBuildFile; fileRef = BCB0B17628507D0B00DE7196 /* Constants.swift */; };
		BCB0B17928507D0B00DE7196 /* Extensions.swift in Sources */ = {isa = PBXBuildFile; fileRef = BCB0B17728507D0B00DE7196 /* Extensions.swift */; };
		BCB0B18328507D2300DE7196 /* BeginViewController.swift in Sources */ = {isa = PBXBuildFile; fileRef = BCB0B17A28507D2200DE7196 /* BeginViewController.swift */; };
		BCB0B18428507D2300DE7196 /* TabManViewController.swift in Sources */ = {isa = PBXBuildFile; fileRef = BCB0B17C28507D2300DE7196 /* TabManViewController.swift */; };
		BCB0B18628507D2300DE7196 /* CoupleTabViewController.swift in Sources */ = {isa = PBXBuildFile; fileRef = BCB0B17F28507D2300DE7196 /* CoupleTabViewController.swift */; };
		BCB0B18728507D2300DE7196 /* AnniversaryTabViewController.swift in Sources */ = {isa = PBXBuildFile; fileRef = BCB0B18028507D2300DE7196 /* AnniversaryTabViewController.swift */; };
		BCB0B18828507D2300DE7196 /* ContainerViewController.swift in Sources */ = {isa = PBXBuildFile; fileRef = BCB0B18128507D2300DE7196 /* ContainerViewController.swift */; };
		BCB0B18928507D2300DE7196 /* SettingViewController.swift in Sources */ = {isa = PBXBuildFile; fileRef = BCB0B18228507D2300DE7196 /* SettingViewController.swift */; };
		BCB0B18B28507D2E00DE7196 /* User.swift in Sources */ = {isa = PBXBuildFile; fileRef = BCB0B18A28507D2E00DE7196 /* User.swift */; };
		BCC75699286AA30900CD523A /* CropViewController in Frameworks */ = {isa = PBXBuildFile; productRef = BCC75698286AA30900CD523A /* CropViewController */; };
		BCC7569B286AA30900CD523A /* TOCropViewController in Frameworks */ = {isa = PBXBuildFile; productRef = BCC7569A286AA30900CD523A /* TOCropViewController */; };
		BCC9F97928729B4900809A26 /* StoryDay.swift in Sources */ = {isa = PBXBuildFile; fileRef = BCC9F97828729B4900809A26 /* StoryDay.swift */; };
		BCC9F97B2872C15600809A26 /* Anniversary.swift in Sources */ = {isa = PBXBuildFile; fileRef = BCC9F97A2872C15600809A26 /* Anniversary.swift */; };
		BCF03FE0286D6C0100C28F71 /* Kingfisher in Frameworks */ = {isa = PBXBuildFile; productRef = BCF03FDF286D6C0100C28F71 /* Kingfisher */; };
		BCF0443C286C37B100E9CEAD /* ContainerViewModel.swift in Sources */ = {isa = PBXBuildFile; fileRef = BCF0443B286C37B100E9CEAD /* ContainerViewModel.swift */; };
		BCF0443E286C55FC00E9CEAD /* CoupleTabViewModel.swift in Sources */ = {isa = PBXBuildFile; fileRef = BCF0443D286C55FC00E9CEAD /* CoupleTabViewModel.swift */; };
		BCF1B3602868237D00641ABD /* Image.swift in Sources */ = {isa = PBXBuildFile; fileRef = BCF1B35F2868237D00641ABD /* Image.swift */; };
		BCF7984A285732780009A78C /* GangwonEduAllBold.ttf in Resources */ = {isa = PBXBuildFile; fileRef = BCF79849285732780009A78C /* GangwonEduAllBold.ttf */; };
		BCF7984C285732850009A78C /* GangwonEduAllLight.ttf in Resources */ = {isa = PBXBuildFile; fileRef = BCF7984B285732850009A78C /* GangwonEduAllLight.ttf */; };
/* End PBXBuildFile section */

/* Begin PBXFileReference section */
		BC8190C6286EFE3600FAD555 /* StoryTabViewController.swift */ = {isa = PBXFileReference; lastKnownFileType = sourcecode.swift; path = StoryTabViewController.swift; sourceTree = "<group>"; };
		BC8190C8286EFE6D00FAD555 /* StoryCell.swift */ = {isa = PBXFileReference; lastKnownFileType = sourcecode.swift; path = StoryCell.swift; sourceTree = "<group>"; };
		BCB0B14E285076FF00DE7196 /* coupleDayProject.app */ = {isa = PBXFileReference; explicitFileType = wrapper.application; includeInIndex = 0; path = coupleDayProject.app; sourceTree = BUILT_PRODUCTS_DIR; };
		BCB0B151285076FF00DE7196 /* AppDelegate.swift */ = {isa = PBXFileReference; lastKnownFileType = sourcecode.swift; path = AppDelegate.swift; sourceTree = "<group>"; };
		BCB0B153285076FF00DE7196 /* SceneDelegate.swift */ = {isa = PBXFileReference; lastKnownFileType = sourcecode.swift; path = SceneDelegate.swift; sourceTree = "<group>"; };
		BCB0B15A2850770000DE7196 /* Assets.xcassets */ = {isa = PBXFileReference; lastKnownFileType = folder.assetcatalog; path = Assets.xcassets; sourceTree = "<group>"; };
		BCB0B15D2850770000DE7196 /* Base */ = {isa = PBXFileReference; lastKnownFileType = file.storyboard; name = Base; path = Base.lproj/LaunchScreen.storyboard; sourceTree = "<group>"; };
		BCB0B15F2850770000DE7196 /* Info.plist */ = {isa = PBXFileReference; lastKnownFileType = text.plist.xml; path = Info.plist; sourceTree = "<group>"; };
		BCB0B17628507D0B00DE7196 /* Constants.swift */ = {isa = PBXFileReference; fileEncoding = 4; lastKnownFileType = sourcecode.swift; path = Constants.swift; sourceTree = "<group>"; };
		BCB0B17728507D0B00DE7196 /* Extensions.swift */ = {isa = PBXFileReference; fileEncoding = 4; lastKnownFileType = sourcecode.swift; path = Extensions.swift; sourceTree = "<group>"; };
		BCB0B17A28507D2200DE7196 /* BeginViewController.swift */ = {isa = PBXFileReference; fileEncoding = 4; lastKnownFileType = sourcecode.swift; path = BeginViewController.swift; sourceTree = "<group>"; };
		BCB0B17C28507D2300DE7196 /* TabManViewController.swift */ = {isa = PBXFileReference; fileEncoding = 4; lastKnownFileType = sourcecode.swift; path = TabManViewController.swift; sourceTree = "<group>"; };
		BCB0B17F28507D2300DE7196 /* CoupleTabViewController.swift */ = {isa = PBXFileReference; fileEncoding = 4; lastKnownFileType = sourcecode.swift; path = CoupleTabViewController.swift; sourceTree = "<group>"; };
		BCB0B18028507D2300DE7196 /* AnniversaryTabViewController.swift */ = {isa = PBXFileReference; fileEncoding = 4; lastKnownFileType = sourcecode.swift; path = AnniversaryTabViewController.swift; sourceTree = "<group>"; };
		BCB0B18128507D2300DE7196 /* ContainerViewController.swift */ = {isa = PBXFileReference; fileEncoding = 4; lastKnownFileType = sourcecode.swift; path = ContainerViewController.swift; sourceTree = "<group>"; };
		BCB0B18228507D2300DE7196 /* SettingViewController.swift */ = {isa = PBXFileReference; fileEncoding = 4; lastKnownFileType = sourcecode.swift; path = SettingViewController.swift; sourceTree = "<group>"; };
		BCB0B18A28507D2E00DE7196 /* User.swift */ = {isa = PBXFileReference; fileEncoding = 4; lastKnownFileType = sourcecode.swift; path = User.swift; sourceTree = "<group>"; };
		BCC9F97828729B4900809A26 /* StoryDay.swift */ = {isa = PBXFileReference; lastKnownFileType = sourcecode.swift; path = StoryDay.swift; sourceTree = "<group>"; };
		BCC9F97A2872C15600809A26 /* Anniversary.swift */ = {isa = PBXFileReference; lastKnownFileType = sourcecode.swift; path = Anniversary.swift; sourceTree = "<group>"; };
		BCF0443B286C37B100E9CEAD /* ContainerViewModel.swift */ = {isa = PBXFileReference; lastKnownFileType = sourcecode.swift; path = ContainerViewModel.swift; sourceTree = "<group>"; };
		BCF0443D286C55FC00E9CEAD /* CoupleTabViewModel.swift */ = {isa = PBXFileReference; lastKnownFileType = sourcecode.swift; path = CoupleTabViewModel.swift; sourceTree = "<group>"; };
		BCF1B35F2868237D00641ABD /* Image.swift */ = {isa = PBXFileReference; lastKnownFileType = sourcecode.swift; path = Image.swift; sourceTree = "<group>"; };
		BCF79849285732780009A78C /* GangwonEduAllBold.ttf */ = {isa = PBXFileReference; lastKnownFileType = file; path = GangwonEduAllBold.ttf; sourceTree = "<group>"; };
		BCF7984B285732850009A78C /* GangwonEduAllLight.ttf */ = {isa = PBXFileReference; lastKnownFileType = file; path = GangwonEduAllLight.ttf; sourceTree = "<group>"; };
/* End PBXFileReference section */

/* Begin PBXFrameworksBuildPhase section */
		BCB0B14B285076FF00DE7196 /* Frameworks */ = {
			isa = PBXFrameworksBuildPhase;
			buildActionMask = 2147483647;
			files = (
				BCF03FE0286D6C0100C28F71 /* Kingfisher in Frameworks */,
				BC8B6251285087B000D46416 /* RealmSwift in Frameworks */,
				BCC7569B286AA30900CD523A /* TOCropViewController in Frameworks */,
				BCC75699286AA30900CD523A /* CropViewController in Frameworks */,
				BC8B624F285087B000D46416 /* Realm in Frameworks */,
				BCB0B16B28507C2300DE7196 /* Tabman in Frameworks */,
			);
			runOnlyForDeploymentPostprocessing = 0;
		};
/* End PBXFrameworksBuildPhase section */

/* Begin PBXGroup section */
		BCB0B145285076FF00DE7196 = {
			isa = PBXGroup;
			children = (
				BCB0B150285076FF00DE7196 /* coupleDayProject */,
				BCB0B14F285076FF00DE7196 /* Products */,
			);
			sourceTree = "<group>";
		};
		BCB0B14F285076FF00DE7196 /* Products */ = {
			isa = PBXGroup;
			children = (
				BCB0B14E285076FF00DE7196 /* coupleDayProject.app */,
			);
			name = Products;
			sourceTree = "<group>";
		};
		BCB0B150285076FF00DE7196 /* coupleDayProject */ = {
			isa = PBXGroup;
			children = (
				BCB0B16828507BF900DE7196 /* Model */,
				BCB0B16628507BEE00DE7196 /* View */,
				BCF0443A286C36F100E9CEAD /* ViewModel */,
				BCB0B16528507BE600DE7196 /* Resources */,
				BCB0B151285076FF00DE7196 /* AppDelegate.swift */,
				BCB0B153285076FF00DE7196 /* SceneDelegate.swift */,
				BCB0B15A2850770000DE7196 /* Assets.xcassets */,
				BCB0B15C2850770000DE7196 /* LaunchScreen.storyboard */,
				BCB0B15F2850770000DE7196 /* Info.plist */,
			);
			path = coupleDayProject;
			sourceTree = "<group>";
		};
		BCB0B16528507BE600DE7196 /* Resources */ = {
			isa = PBXGroup;
			children = (
				BCF79835285710920009A78C /* Fonts */,
				BCB0B17628507D0B00DE7196 /* Constants.swift */,
				BCB0B17728507D0B00DE7196 /* Extensions.swift */,
			);
			path = Resources;
			sourceTree = "<group>";
		};
		BCB0B16628507BEE00DE7196 /* View */ = {
			isa = PBXGroup;
			children = (
				BCB0B17A28507D2200DE7196 /* BeginViewController.swift */,
				BCB0B18228507D2300DE7196 /* SettingViewController.swift */,
				BCB0B17B28507D2300DE7196 /* MainVC */,
			);
			path = View;
			sourceTree = "<group>";
		};
		BCB0B16828507BF900DE7196 /* Model */ = {
			isa = PBXGroup;
			children = (
				BCB0B18A28507D2E00DE7196 /* User.swift */,
				BCF1B35F2868237D00641ABD /* Image.swift */,
				BCC9F97828729B4900809A26 /* StoryDay.swift */,
				BCC9F97A2872C15600809A26 /* Anniversary.swift */,
			);
			path = Model;
			sourceTree = "<group>";
		};
		BCB0B17B28507D2300DE7196 /* MainVC */ = {
			isa = PBXGroup;
			children = (
				BCB0B17C28507D2300DE7196 /* TabManViewController.swift */,
				BCB0B18128507D2300DE7196 /* ContainerViewController.swift */,
				BCB0B17D28507D2300DE7196 /* TabVC */,
			);
			path = MainVC;
			sourceTree = "<group>";
		};
		BCB0B17D28507D2300DE7196 /* TabVC */ = {
			isa = PBXGroup;
			children = (
				BCF03FDC286D618B00C28F71 /* Couple */,
				BCF03FDB286D618200C28F71 /* Story */,
				BCF03FDD286D61D500C28F71 /* Anniversary */,
			);
			path = TabVC;
			sourceTree = "<group>";
		};
		BCF03FDB286D618200C28F71 /* Story */ = {
			isa = PBXGroup;
			children = (
				BC8190C6286EFE3600FAD555 /* StoryTabViewController.swift */,
				BC8190C8286EFE6D00FAD555 /* StoryCell.swift */,
			);
			path = Story;
			sourceTree = "<group>";
		};
		BCF03FDC286D618B00C28F71 /* Couple */ = {
			isa = PBXGroup;
			children = (
				BCB0B17F28507D2300DE7196 /* CoupleTabViewController.swift */,
			);
			path = Couple;
			sourceTree = "<group>";
		};
		BCF03FDD286D61D500C28F71 /* Anniversary */ = {
			isa = PBXGroup;
			children = (
				BCB0B18028507D2300DE7196 /* AnniversaryTabViewController.swift */,
			);
			path = Anniversary;
			sourceTree = "<group>";
		};
		BCF0443A286C36F100E9CEAD /* ViewModel */ = {
			isa = PBXGroup;
			children = (
				BCF0443B286C37B100E9CEAD /* ContainerViewModel.swift */,
				BCF0443D286C55FC00E9CEAD /* CoupleTabViewModel.swift */,
			);
			path = ViewModel;
			sourceTree = "<group>";
		};
		BCF79835285710920009A78C /* Fonts */ = {
			isa = PBXGroup;
			children = (
				BCF7984B285732850009A78C /* GangwonEduAllLight.ttf */,
				BCF79849285732780009A78C /* GangwonEduAllBold.ttf */,
			);
			path = Fonts;
			sourceTree = "<group>";
		};
/* End PBXGroup section */

/* Begin PBXNativeTarget section */
		BCB0B14D285076FF00DE7196 /* coupleDayProject */ = {
			isa = PBXNativeTarget;
			buildConfigurationList = BCB0B1622850770000DE7196 /* Build configuration list for PBXNativeTarget "coupleDayProject" */;
			buildPhases = (
				BCB0B14A285076FF00DE7196 /* Sources */,
				BCB0B14B285076FF00DE7196 /* Frameworks */,
				BCB0B14C285076FF00DE7196 /* Resources */,
			);
			buildRules = (
			);
			dependencies = (
			);
			name = coupleDayProject;
			packageProductDependencies = (
				BCB0B16A28507C2300DE7196 /* Tabman */,
				BC8B624E285087B000D46416 /* Realm */,
				BC8B6250285087B000D46416 /* RealmSwift */,
				BCC75698286AA30900CD523A /* CropViewController */,
				BCC7569A286AA30900CD523A /* TOCropViewController */,
				BCF03FDF286D6C0100C28F71 /* Kingfisher */,
			);
			productName = coupleDayProject;
			productReference = BCB0B14E285076FF00DE7196 /* coupleDayProject.app */;
			productType = "com.apple.product-type.application";
		};
/* End PBXNativeTarget section */

/* Begin PBXProject section */
		BCB0B146285076FF00DE7196 /* Project object */ = {
			isa = PBXProject;
			attributes = {
				BuildIndependentTargetsInParallel = 1;
				LastSwiftUpdateCheck = 1330;
				LastUpgradeCheck = 1330;
				TargetAttributes = {
					BCB0B14D285076FF00DE7196 = {
						CreatedOnToolsVersion = 13.3;
					};
				};
			};
			buildConfigurationList = BCB0B149285076FF00DE7196 /* Build configuration list for PBXProject "coupleDayProject" */;
			compatibilityVersion = "Xcode 13.0";
			developmentRegion = en;
			hasScannedForEncodings = 0;
			knownRegions = (
				en,
				Base,
			);
			mainGroup = BCB0B145285076FF00DE7196;
			packageReferences = (
				BCB0B16928507C2300DE7196 /* XCRemoteSwiftPackageReference "Tabman" */,
				BC8B624D285087B000D46416 /* XCRemoteSwiftPackageReference "realm-swift" */,
				BCC75697286AA30900CD523A /* XCRemoteSwiftPackageReference "TOCropViewController" */,
				BCF03FDE286D6C0100C28F71 /* XCRemoteSwiftPackageReference "Kingfisher" */,
			);
			productRefGroup = BCB0B14F285076FF00DE7196 /* Products */;
			projectDirPath = "";
			projectRoot = "";
			targets = (
				BCB0B14D285076FF00DE7196 /* coupleDayProject */,
			);
		};
/* End PBXProject section */

/* Begin PBXResourcesBuildPhase section */
		BCB0B14C285076FF00DE7196 /* Resources */ = {
			isa = PBXResourcesBuildPhase;
			buildActionMask = 2147483647;
			files = (
				BCB0B15E2850770000DE7196 /* LaunchScreen.storyboard in Resources */,
				BCF7984A285732780009A78C /* GangwonEduAllBold.ttf in Resources */,
				BCB0B15B2850770000DE7196 /* Assets.xcassets in Resources */,
				BCF7984C285732850009A78C /* GangwonEduAllLight.ttf in Resources */,
			);
			runOnlyForDeploymentPostprocessing = 0;
		};
/* End PBXResourcesBuildPhase section */

/* Begin PBXSourcesBuildPhase section */
		BCB0B14A285076FF00DE7196 /* Sources */ = {
			isa = PBXSourcesBuildPhase;
			buildActionMask = 2147483647;
			files = (
				BCB0B18B28507D2E00DE7196 /* User.swift in Sources */,
				BCB0B18328507D2300DE7196 /* BeginViewController.swift in Sources */,
				BCB0B18628507D2300DE7196 /* CoupleTabViewController.swift in Sources */,
				BCC9F97928729B4900809A26 /* StoryDay.swift in Sources */,
				BCB0B17928507D0B00DE7196 /* Extensions.swift in Sources */,
				BCB0B18428507D2300DE7196 /* TabManViewController.swift in Sources */,
				BCF0443E286C55FC00E9CEAD /* CoupleTabViewModel.swift in Sources */,
				BCF1B3602868237D00641ABD /* Image.swift in Sources */,
				BCB0B152285076FF00DE7196 /* AppDelegate.swift in Sources */,
				BCB0B154285076FF00DE7196 /* SceneDelegate.swift in Sources */,
				BC8190C7286EFE3600FAD555 /* StoryTabViewController.swift in Sources */,
				BCB0B18828507D2300DE7196 /* ContainerViewController.swift in Sources */,
				BCC9F97B2872C15600809A26 /* Anniversary.swift in Sources */,
				BCB0B17828507D0B00DE7196 /* Constants.swift in Sources */,
				BC8190C9286EFE6D00FAD555 /* StoryCell.swift in Sources */,
				BCB0B18728507D2300DE7196 /* AnniversaryTabViewController.swift in Sources */,
				BCF0443C286C37B100E9CEAD /* ContainerViewModel.swift in Sources */,
				BCB0B18928507D2300DE7196 /* SettingViewController.swift in Sources */,
			);
			runOnlyForDeploymentPostprocessing = 0;
		};
/* End PBXSourcesBuildPhase section */

/* Begin PBXVariantGroup section */
		BCB0B15C2850770000DE7196 /* LaunchScreen.storyboard */ = {
			isa = PBXVariantGroup;
			children = (
				BCB0B15D2850770000DE7196 /* Base */,
			);
			name = LaunchScreen.storyboard;
			sourceTree = "<group>";
		};
/* End PBXVariantGroup section */

/* Begin XCBuildConfiguration section */
		BCB0B1602850770000DE7196 /* Debug */ = {
			isa = XCBuildConfiguration;
			buildSettings = {
				ALWAYS_SEARCH_USER_PATHS = NO;
				CLANG_ANALYZER_NONNULL = YES;
				CLANG_ANALYZER_NUMBER_OBJECT_CONVERSION = YES_AGGRESSIVE;
				CLANG_CXX_LANGUAGE_STANDARD = "gnu++17";
				CLANG_ENABLE_MODULES = YES;
				CLANG_ENABLE_OBJC_ARC = YES;
				CLANG_ENABLE_OBJC_WEAK = YES;
				CLANG_WARN_BLOCK_CAPTURE_AUTORELEASING = YES;
				CLANG_WARN_BOOL_CONVERSION = YES;
				CLANG_WARN_COMMA = YES;
				CLANG_WARN_CONSTANT_CONVERSION = YES;
				CLANG_WARN_DEPRECATED_OBJC_IMPLEMENTATIONS = YES;
				CLANG_WARN_DIRECT_OBJC_ISA_USAGE = YES_ERROR;
				CLANG_WARN_DOCUMENTATION_COMMENTS = YES;
				CLANG_WARN_EMPTY_BODY = YES;
				CLANG_WARN_ENUM_CONVERSION = YES;
				CLANG_WARN_INFINITE_RECURSION = YES;
				CLANG_WARN_INT_CONVERSION = YES;
				CLANG_WARN_NON_LITERAL_NULL_CONVERSION = YES;
				CLANG_WARN_OBJC_IMPLICIT_RETAIN_SELF = YES;
				CLANG_WARN_OBJC_LITERAL_CONVERSION = YES;
				CLANG_WARN_OBJC_ROOT_CLASS = YES_ERROR;
				CLANG_WARN_QUOTED_INCLUDE_IN_FRAMEWORK_HEADER = YES;
				CLANG_WARN_RANGE_LOOP_ANALYSIS = YES;
				CLANG_WARN_STRICT_PROTOTYPES = YES;
				CLANG_WARN_SUSPICIOUS_MOVE = YES;
				CLANG_WARN_UNGUARDED_AVAILABILITY = YES_AGGRESSIVE;
				CLANG_WARN_UNREACHABLE_CODE = YES;
				CLANG_WARN__DUPLICATE_METHOD_MATCH = YES;
				COPY_PHASE_STRIP = NO;
				DEBUG_INFORMATION_FORMAT = dwarf;
				ENABLE_STRICT_OBJC_MSGSEND = YES;
				ENABLE_TESTABILITY = YES;
				GCC_C_LANGUAGE_STANDARD = gnu11;
				GCC_DYNAMIC_NO_PIC = NO;
				GCC_NO_COMMON_BLOCKS = YES;
				GCC_OPTIMIZATION_LEVEL = 0;
				GCC_PREPROCESSOR_DEFINITIONS = (
					"DEBUG=1",
					"$(inherited)",
				);
				GCC_WARN_64_TO_32_BIT_CONVERSION = YES;
				GCC_WARN_ABOUT_RETURN_TYPE = YES_ERROR;
				GCC_WARN_UNDECLARED_SELECTOR = YES;
				GCC_WARN_UNINITIALIZED_AUTOS = YES_AGGRESSIVE;
				GCC_WARN_UNUSED_FUNCTION = YES;
				GCC_WARN_UNUSED_VARIABLE = YES;
				IPHONEOS_DEPLOYMENT_TARGET = 14.0;
				MTL_ENABLE_DEBUG_INFO = INCLUDE_SOURCE;
				MTL_FAST_MATH = YES;
				ONLY_ACTIVE_ARCH = YES;
				SDKROOT = iphoneos;
				SWIFT_ACTIVE_COMPILATION_CONDITIONS = DEBUG;
				SWIFT_OPTIMIZATION_LEVEL = "-Onone";
			};
			name = Debug;
		};
		BCB0B1612850770000DE7196 /* Release */ = {
			isa = XCBuildConfiguration;
			buildSettings = {
				ALWAYS_SEARCH_USER_PATHS = NO;
				CLANG_ANALYZER_NONNULL = YES;
				CLANG_ANALYZER_NUMBER_OBJECT_CONVERSION = YES_AGGRESSIVE;
				CLANG_CXX_LANGUAGE_STANDARD = "gnu++17";
				CLANG_ENABLE_MODULES = YES;
				CLANG_ENABLE_OBJC_ARC = YES;
				CLANG_ENABLE_OBJC_WEAK = YES;
				CLANG_WARN_BLOCK_CAPTURE_AUTORELEASING = YES;
				CLANG_WARN_BOOL_CONVERSION = YES;
				CLANG_WARN_COMMA = YES;
				CLANG_WARN_CONSTANT_CONVERSION = YES;
				CLANG_WARN_DEPRECATED_OBJC_IMPLEMENTATIONS = YES;
				CLANG_WARN_DIRECT_OBJC_ISA_USAGE = YES_ERROR;
				CLANG_WARN_DOCUMENTATION_COMMENTS = YES;
				CLANG_WARN_EMPTY_BODY = YES;
				CLANG_WARN_ENUM_CONVERSION = YES;
				CLANG_WARN_INFINITE_RECURSION = YES;
				CLANG_WARN_INT_CONVERSION = YES;
				CLANG_WARN_NON_LITERAL_NULL_CONVERSION = YES;
				CLANG_WARN_OBJC_IMPLICIT_RETAIN_SELF = YES;
				CLANG_WARN_OBJC_LITERAL_CONVERSION = YES;
				CLANG_WARN_OBJC_ROOT_CLASS = YES_ERROR;
				CLANG_WARN_QUOTED_INCLUDE_IN_FRAMEWORK_HEADER = YES;
				CLANG_WARN_RANGE_LOOP_ANALYSIS = YES;
				CLANG_WARN_STRICT_PROTOTYPES = YES;
				CLANG_WARN_SUSPICIOUS_MOVE = YES;
				CLANG_WARN_UNGUARDED_AVAILABILITY = YES_AGGRESSIVE;
				CLANG_WARN_UNREACHABLE_CODE = YES;
				CLANG_WARN__DUPLICATE_METHOD_MATCH = YES;
				COPY_PHASE_STRIP = NO;
				DEBUG_INFORMATION_FORMAT = "dwarf-with-dsym";
				ENABLE_NS_ASSERTIONS = NO;
				ENABLE_STRICT_OBJC_MSGSEND = YES;
				GCC_C_LANGUAGE_STANDARD = gnu11;
				GCC_NO_COMMON_BLOCKS = YES;
				GCC_WARN_64_TO_32_BIT_CONVERSION = YES;
				GCC_WARN_ABOUT_RETURN_TYPE = YES_ERROR;
				GCC_WARN_UNDECLARED_SELECTOR = YES;
				GCC_WARN_UNINITIALIZED_AUTOS = YES_AGGRESSIVE;
				GCC_WARN_UNUSED_FUNCTION = YES;
				GCC_WARN_UNUSED_VARIABLE = YES;
				IPHONEOS_DEPLOYMENT_TARGET = 14.0;
				MTL_ENABLE_DEBUG_INFO = NO;
				MTL_FAST_MATH = YES;
				SDKROOT = iphoneos;
				SWIFT_COMPILATION_MODE = wholemodule;
				SWIFT_OPTIMIZATION_LEVEL = "-O";
				VALIDATE_PRODUCT = YES;
			};
			name = Release;
		};
		BCB0B1632850770000DE7196 /* Debug */ = {
			isa = XCBuildConfiguration;
			buildSettings = {
				ASSETCATALOG_COMPILER_APPICON_NAME = AppIcon;
				ASSETCATALOG_COMPILER_GLOBAL_ACCENT_COLOR_NAME = AccentColor;
				CODE_SIGN_STYLE = Automatic;
				CURRENT_PROJECT_VERSION = 1;
				DEVELOPMENT_TEAM = F92UQYH2RA;
				GENERATE_INFOPLIST_FILE = YES;
				INFOPLIST_FILE = coupleDayProject/Info.plist;
				INFOPLIST_KEY_NSPhotoLibraryAddUsageDescription = "이미지 권한이 필요합니다";
				INFOPLIST_KEY_UIApplicationSupportsIndirectInputEvents = YES;
				INFOPLIST_KEY_UILaunchStoryboardName = LaunchScreen;
				INFOPLIST_KEY_UISupportedInterfaceOrientations_iPad = "UIInterfaceOrientationPortrait UIInterfaceOrientationPortraitUpsideDown UIInterfaceOrientationLandscapeLeft UIInterfaceOrientationLandscapeRight";
				INFOPLIST_KEY_UISupportedInterfaceOrientations_iPhone = "UIInterfaceOrientationPortrait UIInterfaceOrientationLandscapeLeft UIInterfaceOrientationLandscapeRight";
				INFOPLIST_KEY_UIUserInterfaceStyle = Light;
				IPHONEOS_DEPLOYMENT_TARGET = 14.0;
				LD_RUNPATH_SEARCH_PATHS = (
					"$(inherited)",
					"@executable_path/Frameworks",
				);
				MARKETING_VERSION = 1.0;
				PRODUCT_BUNDLE_IDENTIFIER = ungchun.coupleDayProject;
				PRODUCT_NAME = "$(TARGET_NAME)";
				SWIFT_EMIT_LOC_STRINGS = YES;
				SWIFT_VERSION = 5.0;
				TARGETED_DEVICE_FAMILY = 1;
			};
			name = Debug;
		};
		BCB0B1642850770000DE7196 /* Release */ = {
			isa = XCBuildConfiguration;
			buildSettings = {
				ASSETCATALOG_COMPILER_APPICON_NAME = AppIcon;
				ASSETCATALOG_COMPILER_GLOBAL_ACCENT_COLOR_NAME = AccentColor;
				CODE_SIGN_STYLE = Automatic;
				CURRENT_PROJECT_VERSION = 1;
				DEVELOPMENT_TEAM = F92UQYH2RA;
				GENERATE_INFOPLIST_FILE = YES;
				INFOPLIST_FILE = coupleDayProject/Info.plist;
				INFOPLIST_KEY_NSPhotoLibraryAddUsageDescription = "이미지 권한이 필요합니다";
				INFOPLIST_KEY_UIApplicationSupportsIndirectInputEvents = YES;
				INFOPLIST_KEY_UILaunchStoryboardName = LaunchScreen;
				INFOPLIST_KEY_UISupportedInterfaceOrientations_iPad = "UIInterfaceOrientationPortrait UIInterfaceOrientationPortraitUpsideDown UIInterfaceOrientationLandscapeLeft UIInterfaceOrientationLandscapeRight";
				INFOPLIST_KEY_UISupportedInterfaceOrientations_iPhone = "UIInterfaceOrientationPortrait UIInterfaceOrientationLandscapeLeft UIInterfaceOrientationLandscapeRight";
				INFOPLIST_KEY_UIUserInterfaceStyle = Light;
				IPHONEOS_DEPLOYMENT_TARGET = 14.0;
				LD_RUNPATH_SEARCH_PATHS = (
					"$(inherited)",
					"@executable_path/Frameworks",
				);
				MARKETING_VERSION = 1.0;
				PRODUCT_BUNDLE_IDENTIFIER = ungchun.coupleDayProject;
				PRODUCT_NAME = "$(TARGET_NAME)";
				SWIFT_EMIT_LOC_STRINGS = YES;
				SWIFT_VERSION = 5.0;
				TARGETED_DEVICE_FAMILY = 1;
			};
			name = Release;
		};
/* End XCBuildConfiguration section */

/* Begin XCConfigurationList section */
		BCB0B149285076FF00DE7196 /* Build configuration list for PBXProject "coupleDayProject" */ = {
			isa = XCConfigurationList;
			buildConfigurations = (
				BCB0B1602850770000DE7196 /* Debug */,
				BCB0B1612850770000DE7196 /* Release */,
			);
			defaultConfigurationIsVisible = 0;
			defaultConfigurationName = Release;
		};
		BCB0B1622850770000DE7196 /* Build configuration list for PBXNativeTarget "coupleDayProject" */ = {
			isa = XCConfigurationList;
			buildConfigurations = (
				BCB0B1632850770000DE7196 /* Debug */,
				BCB0B1642850770000DE7196 /* Release */,
			);
			defaultConfigurationIsVisible = 0;
			defaultConfigurationName = Release;
		};
/* End XCConfigurationList section */

/* Begin XCRemoteSwiftPackageReference section */
		BC8B624D285087B000D46416 /* XCRemoteSwiftPackageReference "realm-swift" */ = {
			isa = XCRemoteSwiftPackageReference;
			repositoryURL = "https://github.com/realm/realm-swift.git";
			requirement = {
				branch = master;
				kind = branch;
			};
		};
		BCB0B16928507C2300DE7196 /* XCRemoteSwiftPackageReference "Tabman" */ = {
			isa = XCRemoteSwiftPackageReference;
			repositoryURL = "https://github.com/uias/Tabman";
			requirement = {
				branch = main;
				kind = branch;
			};
		};
		BCC75697286AA30900CD523A /* XCRemoteSwiftPackageReference "TOCropViewController" */ = {
			isa = XCRemoteSwiftPackageReference;
			repositoryURL = "https://github.com/TimOliver/TOCropViewController.git";
			requirement = {
				kind = upToNextMajorVersion;
				minimumVersion = 2.0.0;
			};
		};
		BCF03FDE286D6C0100C28F71 /* XCRemoteSwiftPackageReference "Kingfisher" */ = {
			isa = XCRemoteSwiftPackageReference;
			repositoryURL = "https://github.com/onevcat/Kingfisher.git";
			requirement = {
				kind = upToNextMajorVersion;
				minimumVersion = 7.0.0;
			};
		};
/* End XCRemoteSwiftPackageReference section */

/* Begin XCSwiftPackageProductDependency section */
		BC8B624E285087B000D46416 /* Realm */ = {
			isa = XCSwiftPackageProductDependency;
			package = BC8B624D285087B000D46416 /* XCRemoteSwiftPackageReference "realm-swift" */;
			productName = Realm;
		};
		BC8B6250285087B000D46416 /* RealmSwift */ = {
			isa = XCSwiftPackageProductDependency;
			package = BC8B624D285087B000D46416 /* XCRemoteSwiftPackageReference "realm-swift" */;
			productName = RealmSwift;
		};
		BCB0B16A28507C2300DE7196 /* Tabman */ = {
			isa = XCSwiftPackageProductDependency;
			package = BCB0B16928507C2300DE7196 /* XCRemoteSwiftPackageReference "Tabman" */;
			productName = Tabman;
		};
		BCC75698286AA30900CD523A /* CropViewController */ = {
			isa = XCSwiftPackageProductDependency;
			package = BCC75697286AA30900CD523A /* XCRemoteSwiftPackageReference "TOCropViewController" */;
			productName = CropViewController;
		};
		BCC7569A286AA30900CD523A /* TOCropViewController */ = {
			isa = XCSwiftPackageProductDependency;
			package = BCC75697286AA30900CD523A /* XCRemoteSwiftPackageReference "TOCropViewController" */;
			productName = TOCropViewController;
		};
		BCF03FDF286D6C0100C28F71 /* Kingfisher */ = {
			isa = XCSwiftPackageProductDependency;
			package = BCF03FDE286D6C0100C28F71 /* XCRemoteSwiftPackageReference "Kingfisher" */;
			productName = Kingfisher;
		};
/* End XCSwiftPackageProductDependency section */
	};
	rootObject = BCB0B146285076FF00DE7196 /* Project object */;
}
