// !$*UTF8*$!
{
	archiveVersion = 1;
	classes = {
	};
	objectVersion = 55;
	objects = {

/* Begin PBXBuildFile section */
		650631602A480ADB00094DBF /* FirebaseService.swift in Sources */ = {isa = PBXBuildFile; fileRef = 6506315F2A480ADB00094DBF /* FirebaseService.swift */; };
		650631622A480AEC00094DBF /* RealmService.swift in Sources */ = {isa = PBXBuildFile; fileRef = 650631612A480AEC00094DBF /* RealmService.swift */; };
		650631652A480E5F00094DBF /* PlaceDTO.swift in Sources */ = {isa = PBXBuildFile; fileRef = 650631642A480E5F00094DBF /* PlaceDTO.swift */; };
		BC05F82C28B09F4C003AB01E /* AppCoordinator.swift in Sources */ = {isa = PBXBuildFile; fileRef = BC05F82B28B09F4C003AB01E /* AppCoordinator.swift */; };
		BC07971028781A9B00E7AC93 /* GangwonEduAllLight.ttf in Resources */ = {isa = PBXBuildFile; fileRef = BCF7984B285732850009A78C /* GangwonEduAllLight.ttf */; };
		BC07971128781A9B00E7AC93 /* GangwonEduAllBold.ttf in Resources */ = {isa = PBXBuildFile; fileRef = BCF79849285732780009A78C /* GangwonEduAllBold.ttf */; };
		BC0CFD9028804011000A009D /* GangwonEduAllBold.otf in Resources */ = {isa = PBXBuildFile; fileRef = BC0CFD8E28804011000A009D /* GangwonEduAllBold.otf */; };
		BC0CFD9128804011000A009D /* GangwonEduAllBold.otf in Resources */ = {isa = PBXBuildFile; fileRef = BC0CFD8E28804011000A009D /* GangwonEduAllBold.otf */; };
		BC0CFD9228804011000A009D /* GangwonEduAllLight.otf in Resources */ = {isa = PBXBuildFile; fileRef = BC0CFD8F28804011000A009D /* GangwonEduAllLight.otf */; };
		BC0CFD9328804011000A009D /* GangwonEduAllLight.otf in Resources */ = {isa = PBXBuildFile; fileRef = BC0CFD8F28804011000A009D /* GangwonEduAllLight.otf */; };
		BC0DF1922892595E0036EC51 /* GoogleService-Info.plist in Resources */ = {isa = PBXBuildFile; fileRef = BC0DF1912892595E0036EC51 /* GoogleService-Info.plist */; };
		BC0DF1B5289267240036EC51 /* FirebaseAnalytics in Frameworks */ = {isa = PBXBuildFile; productRef = BC0DF1B4289267240036EC51 /* FirebaseAnalytics */; };
		BC0DF1B7289267240036EC51 /* FirebaseAuth in Frameworks */ = {isa = PBXBuildFile; productRef = BC0DF1B6289267240036EC51 /* FirebaseAuth */; };
		BC0DF1B9289267240036EC51 /* FirebaseDatabase in Frameworks */ = {isa = PBXBuildFile; productRef = BC0DF1B8289267240036EC51 /* FirebaseDatabase */; };
		BC0DF1BB289267240036EC51 /* FirebaseFirestore in Frameworks */ = {isa = PBXBuildFile; productRef = BC0DF1BA289267240036EC51 /* FirebaseFirestore */; };
		BC0DF1BD289267240036EC51 /* FirebaseFunctions in Frameworks */ = {isa = PBXBuildFile; productRef = BC0DF1BC289267240036EC51 /* FirebaseFunctions */; };
		BC0DF1BF289267240036EC51 /* FirebaseMessaging in Frameworks */ = {isa = PBXBuildFile; productRef = BC0DF1BE289267240036EC51 /* FirebaseMessaging */; };
		BC0DF1C1289267240036EC51 /* FirebaseStorage in Frameworks */ = {isa = PBXBuildFile; productRef = BC0DF1C0289267240036EC51 /* FirebaseStorage */; };
		BC0DF1C3289278170036EC51 /* AnniversaryTableViewCell.swift in Sources */ = {isa = PBXBuildFile; fileRef = BC0DF1C2289278170036EC51 /* AnniversaryTableViewCell.swift */; };
		BC24929828BE08B4003FC64A /* DetailDatePlaceViewController.swift in Sources */ = {isa = PBXBuildFile; fileRef = BC24929728BE08B4003FC64A /* DetailDatePlaceViewController.swift */; };
		BC2AF6E8289A9C0800A54A3D /* TodayDatePlaceCollectionViewCell.swift in Sources */ = {isa = PBXBuildFile; fileRef = BC2AF6E7289A9C0800A54A3D /* TodayDatePlaceCollectionViewCell.swift */; };
		BC2CDEFB287C32EA002433DC /* GoogleMobileAds in Frameworks */ = {isa = PBXBuildFile; productRef = BC2CDEFA287C32EA002433DC /* GoogleMobileAds */; };
		BC6ECED428D84B380012C818 /* DatePlaceTabManViewController.swift in Sources */ = {isa = PBXBuildFile; fileRef = BC6ECED328D84B380012C818 /* DatePlaceTabManViewController.swift */; };
		BC6ECEE528D860490012C818 /* DatePlaceCollectionViewCell.swift in Sources */ = {isa = PBXBuildFile; fileRef = BC6ECEE428D860490012C818 /* DatePlaceCollectionViewCell.swift */; };
		BC78B4EB287D7B1A00DF10C6 /* Interface.storyboard in Resources */ = {isa = PBXBuildFile; fileRef = BC78B4E9287D7B1A00DF10C6 /* Interface.storyboard */; };
		BC78B4ED287D7B1A00DF10C6 /* Assets.xcassets in Resources */ = {isa = PBXBuildFile; fileRef = BC78B4EC287D7B1A00DF10C6 /* Assets.xcassets */; };
		BC78B4F8287D7B1A00DF10C6 /* InterfaceController.swift in Sources */ = {isa = PBXBuildFile; fileRef = BC78B4F7287D7B1A00DF10C6 /* InterfaceController.swift */; };
		BC78B4FA287D7B1A00DF10C6 /* ExtensionDelegate.swift in Sources */ = {isa = PBXBuildFile; fileRef = BC78B4F9287D7B1A00DF10C6 /* ExtensionDelegate.swift */; };
		BC78B4FC287D7B1A00DF10C6 /* NotificationController.swift in Sources */ = {isa = PBXBuildFile; fileRef = BC78B4FB287D7B1A00DF10C6 /* NotificationController.swift */; };
		BC78B4FE287D7B1A00DF10C6 /* ComplicationController.swift in Sources */ = {isa = PBXBuildFile; fileRef = BC78B4FD287D7B1A00DF10C6 /* ComplicationController.swift */; };
		BC78B500287D7B1B00DF10C6 /* Assets.xcassets in Resources */ = {isa = PBXBuildFile; fileRef = BC78B4FF287D7B1B00DF10C6 /* Assets.xcassets */; };
		BC78B505287D7B1B00DF10C6 /* coupleDayWatch.app in Embed Watch Content */ = {isa = PBXBuildFile; fileRef = BC78B4E7287D7B1A00DF10C6 /* coupleDayWatch.app */; settings = {ATTRIBUTES = (RemoveHeadersOnCopy, ); }; };
		BC8190C7286EFE3600FAD555 /* StoryTabViewController.swift in Sources */ = {isa = PBXBuildFile; fileRef = BC8190C6286EFE3600FAD555 /* StoryTabViewController.swift */; };
		BC8190C9286EFE6D00FAD555 /* StoryTableViewCell.swift in Sources */ = {isa = PBXBuildFile; fileRef = BC8190C8286EFE6D00FAD555 /* StoryTableViewCell.swift */; };
		BC83F8942876AC170027235E /* Lottie in Frameworks */ = {isa = PBXBuildFile; productRef = BC83F8932876AC170027235E /* Lottie */; };
		BC83F8962876ACD30027235E /* lottieFile.json in Resources */ = {isa = PBXBuildFile; fileRef = BC83F8952876ACD30027235E /* lottieFile.json */; };
		BC83F8982876AD210027235E /* AppLoadingViewController.swift in Sources */ = {isa = PBXBuildFile; fileRef = BC83F8972876AD210027235E /* AppLoadingViewController.swift */; };
		BC83F8CA2876D2200027235E /* WidgetKit.framework in Frameworks */ = {isa = PBXBuildFile; fileRef = BC83F89F2876C70A0027235E /* WidgetKit.framework */; };
		BC83F8CB2876D2200027235E /* SwiftUI.framework in Frameworks */ = {isa = PBXBuildFile; fileRef = BC83F8A12876C70A0027235E /* SwiftUI.framework */; };
		BC83F8CE2876D2200027235E /* coupleDayWidget.swift in Sources */ = {isa = PBXBuildFile; fileRef = BC83F8CD2876D2200027235E /* coupleDayWidget.swift */; };
		BC83F8D02876D2200027235E /* Assets.xcassets in Resources */ = {isa = PBXBuildFile; fileRef = BC83F8CF2876D2200027235E /* Assets.xcassets */; };
		BC83F8D42876D2200027235E /* coupleDayWidgetExtension.appex in Embed App Extensions */ = {isa = PBXBuildFile; fileRef = BC83F8C92876D2200027235E /* coupleDayWidgetExtension.appex */; settings = {ATTRIBUTES = (RemoveHeadersOnCopy, ); }; };
		BC83F8DB28770EC40027235E /* Realm in Frameworks */ = {isa = PBXBuildFile; productRef = BC83F8DA28770EC40027235E /* Realm */; };
		BC83F8DD28770EC40027235E /* RealmSwift in Frameworks */ = {isa = PBXBuildFile; productRef = BC83F8DC28770EC40027235E /* RealmSwift */; };
		BC8B624F285087B000D46416 /* Realm in Frameworks */ = {isa = PBXBuildFile; productRef = BC8B624E285087B000D46416 /* Realm */; };
		BC8B6251285087B000D46416 /* RealmSwift in Frameworks */ = {isa = PBXBuildFile; productRef = BC8B6250285087B000D46416 /* RealmSwift */; };
		BC9493B7288142E9003FF1DB /* InfoPlist.strings in Resources */ = {isa = PBXBuildFile; fileRef = BC9493B9288142E9003FF1DB /* InfoPlist.strings */; };
		BC96D74828DAF9ED001F9B75 /* coupleDayWatch WatchKit Extension.appex in Embed App Extensions */ = {isa = PBXBuildFile; fileRef = BC78B4F2287D7B1A00DF10C6 /* coupleDayWatch WatchKit Extension.appex */; settings = {ATTRIBUTES = (RemoveHeadersOnCopy, ); }; };
		BCA646FC28C326E20011C8B9 /* DatePlaceCarouselView.swift in Sources */ = {isa = PBXBuildFile; fileRef = BCA646FB28C326E20011C8B9 /* DatePlaceCarouselView.swift */; };
		BCA646FE28C328480011C8B9 /* CarouselCollectionViewCell.swift in Sources */ = {isa = PBXBuildFile; fileRef = BCA646FD28C328480011C8B9 /* CarouselCollectionViewCell.swift */; };
		BCB0B152285076FF00DE7196 /* AppDelegate.swift in Sources */ = {isa = PBXBuildFile; fileRef = BCB0B151285076FF00DE7196 /* AppDelegate.swift */; };
		BCB0B154285076FF00DE7196 /* SceneDelegate.swift in Sources */ = {isa = PBXBuildFile; fileRef = BCB0B153285076FF00DE7196 /* SceneDelegate.swift */; };
		BCB0B15B2850770000DE7196 /* Assets.xcassets in Resources */ = {isa = PBXBuildFile; fileRef = BCB0B15A2850770000DE7196 /* Assets.xcassets */; };
		BCB0B15E2850770000DE7196 /* LaunchScreen.storyboard in Resources */ = {isa = PBXBuildFile; fileRef = BCB0B15C2850770000DE7196 /* LaunchScreen.storyboard */; };
		BCB0B16B28507C2300DE7196 /* Tabman in Frameworks */ = {isa = PBXBuildFile; productRef = BCB0B16A28507C2300DE7196 /* Tabman */; };
		BCB0B17828507D0B00DE7196 /* Constants.swift in Sources */ = {isa = PBXBuildFile; fileRef = BCB0B17628507D0B00DE7196 /* Constants.swift */; };
		BCB0B17928507D0B00DE7196 /* Extensions.swift in Sources */ = {isa = PBXBuildFile; fileRef = BCB0B17728507D0B00DE7196 /* Extensions.swift */; };
		BCB0B18328507D2300DE7196 /* SetBeginDayViewController.swift in Sources */ = {isa = PBXBuildFile; fileRef = BCB0B17A28507D2200DE7196 /* SetBeginDayViewController.swift */; };
		BCB0B18428507D2300DE7196 /* MainTabManViewController.swift in Sources */ = {isa = PBXBuildFile; fileRef = BCB0B17C28507D2300DE7196 /* MainTabManViewController.swift */; };
		BCB0B18628507D2300DE7196 /* CoupleTabViewController.swift in Sources */ = {isa = PBXBuildFile; fileRef = BCB0B17F28507D2300DE7196 /* CoupleTabViewController.swift */; };
		BCB0B18728507D2300DE7196 /* AnniversaryViewController.swift in Sources */ = {isa = PBXBuildFile; fileRef = BCB0B18028507D2300DE7196 /* AnniversaryViewController.swift */; };
		BCB0B18828507D2300DE7196 /* MainViewController.swift in Sources */ = {isa = PBXBuildFile; fileRef = BCB0B18128507D2300DE7196 /* MainViewController.swift */; };
		BCB0B18928507D2300DE7196 /* SettingViewController.swift in Sources */ = {isa = PBXBuildFile; fileRef = BCB0B18228507D2300DE7196 /* SettingViewController.swift */; };
		BCB0B18B28507D2E00DE7196 /* RealmUserModel.swift in Sources */ = {isa = PBXBuildFile; fileRef = BCB0B18A28507D2E00DE7196 /* RealmUserModel.swift */; };
		BCC041B728D9714F0043037C /* CityTabViewController.swift in Sources */ = {isa = PBXBuildFile; fileRef = BCC041B628D9714F0043037C /* CityTabViewController.swift */; };
		BCC75699286AA30900CD523A /* CropViewController in Frameworks */ = {isa = PBXBuildFile; productRef = BCC75698286AA30900CD523A /* CropViewController */; };
		BCC7569B286AA30900CD523A /* TOCropViewController in Frameworks */ = {isa = PBXBuildFile; productRef = BCC7569A286AA30900CD523A /* TOCropViewController */; };
		BCC9F97928729B4900809A26 /* StoryStandardDayModel.swift in Sources */ = {isa = PBXBuildFile; fileRef = BCC9F97828729B4900809A26 /* StoryStandardDayModel.swift */; };
		BCC9F97B2872C15600809A26 /* AnniversaryModel.swift in Sources */ = {isa = PBXBuildFile; fileRef = BCC9F97A2872C15600809A26 /* AnniversaryModel.swift */; };
		BCEFAC0028AA35F9004983FF /* Place.swift in Sources */ = {isa = PBXBuildFile; fileRef = BCEFABFF28AA35F9004983FF /* Place.swift */; };
		BCF03FE0286D6C0100C28F71 /* Kingfisher in Frameworks */ = {isa = PBXBuildFile; productRef = BCF03FDF286D6C0100C28F71 /* Kingfisher */; };
		BCF0443C286C37B100E9CEAD /* MainViewModel.swift in Sources */ = {isa = PBXBuildFile; fileRef = BCF0443B286C37B100E9CEAD /* MainViewModel.swift */; };
		BCF0443E286C55FC00E9CEAD /* CoupleTabViewModel.swift in Sources */ = {isa = PBXBuildFile; fileRef = BCF0443D286C55FC00E9CEAD /* CoupleTabViewModel.swift */; };
		BCF1B3602868237D00641ABD /* RealmImageModel.swift in Sources */ = {isa = PBXBuildFile; fileRef = BCF1B35F2868237D00641ABD /* RealmImageModel.swift */; };
		BCF4267528C0CC6D00043887 /* SnapKit in Frameworks */ = {isa = PBXBuildFile; productRef = BCF4267428C0CC6D00043887 /* SnapKit */; };
		BCF7984A285732780009A78C /* GangwonEduAllBold.ttf in Resources */ = {isa = PBXBuildFile; fileRef = BCF79849285732780009A78C /* GangwonEduAllBold.ttf */; };
		BCF7984C285732850009A78C /* GangwonEduAllLight.ttf in Resources */ = {isa = PBXBuildFile; fileRef = BCF7984B285732850009A78C /* GangwonEduAllLight.ttf */; };
/* End PBXBuildFile section */

/* Begin PBXContainerItemProxy section */
		BC78B503287D7B1B00DF10C6 /* PBXContainerItemProxy */ = {
			isa = PBXContainerItemProxy;
			containerPortal = BCB0B146285076FF00DE7196 /* Project object */;
			proxyType = 1;
			remoteGlobalIDString = BC78B4E6287D7B1A00DF10C6;
			remoteInfo = coupleDayWatch;
		};
		BC83F8D22876D2200027235E /* PBXContainerItemProxy */ = {
			isa = PBXContainerItemProxy;
			containerPortal = BCB0B146285076FF00DE7196 /* Project object */;
			proxyType = 1;
			remoteGlobalIDString = BC83F8C82876D2200027235E;
			remoteInfo = coupleDayWidgetExtension;
		};
		BC96D74928DAF9ED001F9B75 /* PBXContainerItemProxy */ = {
			isa = PBXContainerItemProxy;
			containerPortal = BCB0B146285076FF00DE7196 /* Project object */;
			proxyType = 1;
			remoteGlobalIDString = BC78B4F1287D7B1A00DF10C6;
			remoteInfo = "coupleDayWatch WatchKit Extension";
		};
/* End PBXContainerItemProxy section */

/* Begin PBXCopyFilesBuildPhase section */
		BC78B506287D7B1B00DF10C6 /* Embed Watch Content */ = {
			isa = PBXCopyFilesBuildPhase;
			buildActionMask = 2147483647;
			dstPath = "$(CONTENTS_FOLDER_PATH)/Watch";
			dstSubfolderSpec = 16;
			files = (
				BC78B505287D7B1B00DF10C6 /* coupleDayWatch.app in Embed Watch Content */,
			);
			name = "Embed Watch Content";
			runOnlyForDeploymentPostprocessing = 0;
		};
		BC78B509287D7B1B00DF10C6 /* Embed App Extensions */ = {
			isa = PBXCopyFilesBuildPhase;
			buildActionMask = 2147483647;
			dstPath = "";
			dstSubfolderSpec = 13;
			files = (
				BC96D74828DAF9ED001F9B75 /* coupleDayWatch WatchKit Extension.appex in Embed App Extensions */,
			);
			name = "Embed App Extensions";
			runOnlyForDeploymentPostprocessing = 0;
		};
		BC83F8B22876C70B0027235E /* Embed App Extensions */ = {
			isa = PBXCopyFilesBuildPhase;
			buildActionMask = 12;
			dstPath = "";
			dstSubfolderSpec = 13;
			files = (
				BC83F8D42876D2200027235E /* coupleDayWidgetExtension.appex in Embed App Extensions */,
			);
			name = "Embed App Extensions";
			runOnlyForDeploymentPostprocessing = 0;
		};
/* End PBXCopyFilesBuildPhase section */

/* Begin PBXFileReference section */
		6506315F2A480ADB00094DBF /* FirebaseService.swift */ = {isa = PBXFileReference; lastKnownFileType = sourcecode.swift; path = FirebaseService.swift; sourceTree = "<group>"; };
		650631612A480AEC00094DBF /* RealmService.swift */ = {isa = PBXFileReference; lastKnownFileType = sourcecode.swift; path = RealmService.swift; sourceTree = "<group>"; };
		650631642A480E5F00094DBF /* PlaceDTO.swift */ = {isa = PBXFileReference; lastKnownFileType = sourcecode.swift; path = PlaceDTO.swift; sourceTree = "<group>"; };
		BC05F82B28B09F4C003AB01E /* AppCoordinator.swift */ = {isa = PBXFileReference; lastKnownFileType = sourcecode.swift; path = AppCoordinator.swift; sourceTree = "<group>"; };
		BC0CFD8E28804011000A009D /* GangwonEduAllBold.otf */ = {isa = PBXFileReference; lastKnownFileType = file; path = GangwonEduAllBold.otf; sourceTree = "<group>"; };
		BC0CFD8F28804011000A009D /* GangwonEduAllLight.otf */ = {isa = PBXFileReference; lastKnownFileType = file; path = GangwonEduAllLight.otf; sourceTree = "<group>"; };
		BC0DF1912892595E0036EC51 /* GoogleService-Info.plist */ = {isa = PBXFileReference; fileEncoding = 4; lastKnownFileType = text.plist.xml; path = "GoogleService-Info.plist"; sourceTree = "<group>"; };
		BC0DF1C2289278170036EC51 /* AnniversaryTableViewCell.swift */ = {isa = PBXFileReference; lastKnownFileType = sourcecode.swift; path = AnniversaryTableViewCell.swift; sourceTree = "<group>"; };
		BC24929728BE08B4003FC64A /* DetailDatePlaceViewController.swift */ = {isa = PBXFileReference; lastKnownFileType = sourcecode.swift; path = DetailDatePlaceViewController.swift; sourceTree = "<group>"; };
		BC2AF6E7289A9C0800A54A3D /* TodayDatePlaceCollectionViewCell.swift */ = {isa = PBXFileReference; lastKnownFileType = sourcecode.swift; path = TodayDatePlaceCollectionViewCell.swift; sourceTree = "<group>"; };
		BC6ECED328D84B380012C818 /* DatePlaceTabManViewController.swift */ = {isa = PBXFileReference; lastKnownFileType = sourcecode.swift; path = DatePlaceTabManViewController.swift; sourceTree = "<group>"; };
		BC6ECEE428D860490012C818 /* DatePlaceCollectionViewCell.swift */ = {isa = PBXFileReference; lastKnownFileType = sourcecode.swift; path = DatePlaceCollectionViewCell.swift; sourceTree = "<group>"; };
		BC78B4E7287D7B1A00DF10C6 /* coupleDayWatch.app */ = {isa = PBXFileReference; explicitFileType = wrapper.application; includeInIndex = 0; path = coupleDayWatch.app; sourceTree = BUILT_PRODUCTS_DIR; };
		BC78B4EA287D7B1A00DF10C6 /* Base */ = {isa = PBXFileReference; lastKnownFileType = file.storyboard; name = Base; path = Base.lproj/Interface.storyboard; sourceTree = "<group>"; };
		BC78B4EC287D7B1A00DF10C6 /* Assets.xcassets */ = {isa = PBXFileReference; lastKnownFileType = folder.assetcatalog; path = Assets.xcassets; sourceTree = "<group>"; };
		BC78B4F2287D7B1A00DF10C6 /* coupleDayWatch WatchKit Extension.appex */ = {isa = PBXFileReference; explicitFileType = "wrapper.app-extension"; includeInIndex = 0; path = "coupleDayWatch WatchKit Extension.appex"; sourceTree = BUILT_PRODUCTS_DIR; };
		BC78B4F7287D7B1A00DF10C6 /* InterfaceController.swift */ = {isa = PBXFileReference; lastKnownFileType = sourcecode.swift; path = InterfaceController.swift; sourceTree = "<group>"; };
		BC78B4F9287D7B1A00DF10C6 /* ExtensionDelegate.swift */ = {isa = PBXFileReference; lastKnownFileType = sourcecode.swift; path = ExtensionDelegate.swift; sourceTree = "<group>"; };
		BC78B4FB287D7B1A00DF10C6 /* NotificationController.swift */ = {isa = PBXFileReference; lastKnownFileType = sourcecode.swift; path = NotificationController.swift; sourceTree = "<group>"; };
		BC78B4FD287D7B1A00DF10C6 /* ComplicationController.swift */ = {isa = PBXFileReference; lastKnownFileType = sourcecode.swift; path = ComplicationController.swift; sourceTree = "<group>"; };
		BC78B4FF287D7B1B00DF10C6 /* Assets.xcassets */ = {isa = PBXFileReference; lastKnownFileType = folder.assetcatalog; path = Assets.xcassets; sourceTree = "<group>"; };
		BC78B501287D7B1B00DF10C6 /* Info.plist */ = {isa = PBXFileReference; lastKnownFileType = text.plist.xml; path = Info.plist; sourceTree = "<group>"; };
		BC78B502287D7B1B00DF10C6 /* PushNotificationPayload.apns */ = {isa = PBXFileReference; lastKnownFileType = text; path = PushNotificationPayload.apns; sourceTree = "<group>"; };
		BC8190C6286EFE3600FAD555 /* StoryTabViewController.swift */ = {isa = PBXFileReference; lastKnownFileType = sourcecode.swift; path = StoryTabViewController.swift; sourceTree = "<group>"; };
		BC8190C8286EFE6D00FAD555 /* StoryTableViewCell.swift */ = {isa = PBXFileReference; lastKnownFileType = sourcecode.swift; path = StoryTableViewCell.swift; sourceTree = "<group>"; };
		BC83F8952876ACD30027235E /* lottieFile.json */ = {isa = PBXFileReference; fileEncoding = 4; lastKnownFileType = text.json; path = lottieFile.json; sourceTree = "<group>"; };
		BC83F8972876AD210027235E /* AppLoadingViewController.swift */ = {isa = PBXFileReference; lastKnownFileType = sourcecode.swift; path = AppLoadingViewController.swift; sourceTree = "<group>"; };
		BC83F89F2876C70A0027235E /* WidgetKit.framework */ = {isa = PBXFileReference; lastKnownFileType = wrapper.framework; name = WidgetKit.framework; path = System/Library/Frameworks/WidgetKit.framework; sourceTree = SDKROOT; };
		BC83F8A12876C70A0027235E /* SwiftUI.framework */ = {isa = PBXFileReference; lastKnownFileType = wrapper.framework; name = SwiftUI.framework; path = System/Library/Frameworks/SwiftUI.framework; sourceTree = SDKROOT; };
		BC83F8C92876D2200027235E /* coupleDayWidgetExtension.appex */ = {isa = PBXFileReference; explicitFileType = "wrapper.app-extension"; includeInIndex = 0; path = coupleDayWidgetExtension.appex; sourceTree = BUILT_PRODUCTS_DIR; };
		BC83F8CD2876D2200027235E /* coupleDayWidget.swift */ = {isa = PBXFileReference; lastKnownFileType = sourcecode.swift; path = coupleDayWidget.swift; sourceTree = "<group>"; };
		BC83F8CF2876D2200027235E /* Assets.xcassets */ = {isa = PBXFileReference; lastKnownFileType = folder.assetcatalog; path = Assets.xcassets; sourceTree = "<group>"; };
		BC83F8D12876D2200027235E /* Info.plist */ = {isa = PBXFileReference; lastKnownFileType = text.plist.xml; path = Info.plist; sourceTree = "<group>"; };
		BC83F8D828770C600027235E /* coupleDayProject.entitlements */ = {isa = PBXFileReference; lastKnownFileType = text.plist.entitlements; path = coupleDayProject.entitlements; sourceTree = "<group>"; };
		BC83F8D928770CA20027235E /* coupleDayWidgetExtension.entitlements */ = {isa = PBXFileReference; lastKnownFileType = text.plist.entitlements; path = coupleDayWidgetExtension.entitlements; sourceTree = "<group>"; };
		BC9493BA288143D4003FF1DB /* ko */ = {isa = PBXFileReference; lastKnownFileType = text.plist.strings; name = ko; path = ko.lproj/LaunchScreen.strings; sourceTree = "<group>"; };
		BC9493BB288143D4003FF1DB /* ko */ = {isa = PBXFileReference; lastKnownFileType = text.plist.strings; name = ko; path = ko.lproj/Interface.strings; sourceTree = "<group>"; };
		BC9493BC288143D4003FF1DB /* ko */ = {isa = PBXFileReference; lastKnownFileType = text.plist.strings; name = ko; path = ko.lproj/InfoPlist.strings; sourceTree = "<group>"; };
		BCA646FB28C326E20011C8B9 /* DatePlaceCarouselView.swift */ = {isa = PBXFileReference; lastKnownFileType = sourcecode.swift; path = DatePlaceCarouselView.swift; sourceTree = "<group>"; };
		BCA646FD28C328480011C8B9 /* CarouselCollectionViewCell.swift */ = {isa = PBXFileReference; lastKnownFileType = sourcecode.swift; path = CarouselCollectionViewCell.swift; sourceTree = "<group>"; };
		BCB0B14E285076FF00DE7196 /* coupleDayProject.app */ = {isa = PBXFileReference; explicitFileType = wrapper.application; includeInIndex = 0; path = coupleDayProject.app; sourceTree = BUILT_PRODUCTS_DIR; };
		BCB0B151285076FF00DE7196 /* AppDelegate.swift */ = {isa = PBXFileReference; lastKnownFileType = sourcecode.swift; path = AppDelegate.swift; sourceTree = "<group>"; };
		BCB0B153285076FF00DE7196 /* SceneDelegate.swift */ = {isa = PBXFileReference; lastKnownFileType = sourcecode.swift; path = SceneDelegate.swift; sourceTree = "<group>"; };
		BCB0B15A2850770000DE7196 /* Assets.xcassets */ = {isa = PBXFileReference; lastKnownFileType = folder.assetcatalog; path = Assets.xcassets; sourceTree = "<group>"; };
		BCB0B15D2850770000DE7196 /* Base */ = {isa = PBXFileReference; lastKnownFileType = file.storyboard; name = Base; path = Base.lproj/LaunchScreen.storyboard; sourceTree = "<group>"; };
		BCB0B15F2850770000DE7196 /* Info.plist */ = {isa = PBXFileReference; lastKnownFileType = text.plist.xml; path = Info.plist; sourceTree = "<group>"; };
		BCB0B17628507D0B00DE7196 /* Constants.swift */ = {isa = PBXFileReference; fileEncoding = 4; lastKnownFileType = sourcecode.swift; path = Constants.swift; sourceTree = "<group>"; };
		BCB0B17728507D0B00DE7196 /* Extensions.swift */ = {isa = PBXFileReference; fileEncoding = 4; lastKnownFileType = sourcecode.swift; path = Extensions.swift; sourceTree = "<group>"; };
		BCB0B17A28507D2200DE7196 /* SetBeginDayViewController.swift */ = {isa = PBXFileReference; fileEncoding = 4; lastKnownFileType = sourcecode.swift; path = SetBeginDayViewController.swift; sourceTree = "<group>"; };
		BCB0B17C28507D2300DE7196 /* MainTabManViewController.swift */ = {isa = PBXFileReference; fileEncoding = 4; lastKnownFileType = sourcecode.swift; path = MainTabManViewController.swift; sourceTree = "<group>"; };
		BCB0B17F28507D2300DE7196 /* CoupleTabViewController.swift */ = {isa = PBXFileReference; fileEncoding = 4; lastKnownFileType = sourcecode.swift; path = CoupleTabViewController.swift; sourceTree = "<group>"; };
		BCB0B18028507D2300DE7196 /* AnniversaryViewController.swift */ = {isa = PBXFileReference; fileEncoding = 4; lastKnownFileType = sourcecode.swift; path = AnniversaryViewController.swift; sourceTree = "<group>"; };
		BCB0B18128507D2300DE7196 /* MainViewController.swift */ = {isa = PBXFileReference; fileEncoding = 4; lastKnownFileType = sourcecode.swift; path = MainViewController.swift; sourceTree = "<group>"; };
		BCB0B18228507D2300DE7196 /* SettingViewController.swift */ = {isa = PBXFileReference; fileEncoding = 4; lastKnownFileType = sourcecode.swift; path = SettingViewController.swift; sourceTree = "<group>"; };
		BCB0B18A28507D2E00DE7196 /* RealmUserModel.swift */ = {isa = PBXFileReference; fileEncoding = 4; lastKnownFileType = sourcecode.swift; path = RealmUserModel.swift; sourceTree = "<group>"; };
		BCC041B628D9714F0043037C /* CityTabViewController.swift */ = {isa = PBXFileReference; lastKnownFileType = sourcecode.swift; path = CityTabViewController.swift; sourceTree = "<group>"; };
		BCC9F97828729B4900809A26 /* StoryStandardDayModel.swift */ = {isa = PBXFileReference; lastKnownFileType = sourcecode.swift; path = StoryStandardDayModel.swift; sourceTree = "<group>"; };
		BCC9F97A2872C15600809A26 /* AnniversaryModel.swift */ = {isa = PBXFileReference; lastKnownFileType = sourcecode.swift; path = AnniversaryModel.swift; sourceTree = "<group>"; };
		BCEFABFF28AA35F9004983FF /* Place.swift */ = {isa = PBXFileReference; lastKnownFileType = sourcecode.swift; path = Place.swift; sourceTree = "<group>"; };
		BCF0443B286C37B100E9CEAD /* MainViewModel.swift */ = {isa = PBXFileReference; lastKnownFileType = sourcecode.swift; path = MainViewModel.swift; sourceTree = "<group>"; };
		BCF0443D286C55FC00E9CEAD /* CoupleTabViewModel.swift */ = {isa = PBXFileReference; lastKnownFileType = sourcecode.swift; path = CoupleTabViewModel.swift; sourceTree = "<group>"; };
		BCF1B35F2868237D00641ABD /* RealmImageModel.swift */ = {isa = PBXFileReference; lastKnownFileType = sourcecode.swift; path = RealmImageModel.swift; sourceTree = "<group>"; };
		BCF79849285732780009A78C /* GangwonEduAllBold.ttf */ = {isa = PBXFileReference; lastKnownFileType = file; path = GangwonEduAllBold.ttf; sourceTree = "<group>"; };
		BCF7984B285732850009A78C /* GangwonEduAllLight.ttf */ = {isa = PBXFileReference; lastKnownFileType = file; path = GangwonEduAllLight.ttf; sourceTree = "<group>"; };
/* End PBXFileReference section */

/* Begin PBXFrameworksBuildPhase section */
		BC78B4EF287D7B1A00DF10C6 /* Frameworks */ = {
			isa = PBXFrameworksBuildPhase;
			buildActionMask = 2147483647;
			files = (
			);
			runOnlyForDeploymentPostprocessing = 0;
		};
		BC83F8C62876D2200027235E /* Frameworks */ = {
			isa = PBXFrameworksBuildPhase;
			buildActionMask = 2147483647;
			files = (
				BC83F8DD28770EC40027235E /* RealmSwift in Frameworks */,
				BC83F8DB28770EC40027235E /* Realm in Frameworks */,
				BC83F8CB2876D2200027235E /* SwiftUI.framework in Frameworks */,
				BC83F8CA2876D2200027235E /* WidgetKit.framework in Frameworks */,
			);
			runOnlyForDeploymentPostprocessing = 0;
		};
		BCB0B14B285076FF00DE7196 /* Frameworks */ = {
			isa = PBXFrameworksBuildPhase;
			buildActionMask = 2147483647;
			files = (
				BCF03FE0286D6C0100C28F71 /* Kingfisher in Frameworks */,
				BCF4267528C0CC6D00043887 /* SnapKit in Frameworks */,
				BC0DF1B7289267240036EC51 /* FirebaseAuth in Frameworks */,
				BC0DF1BF289267240036EC51 /* FirebaseMessaging in Frameworks */,
				BC83F8942876AC170027235E /* Lottie in Frameworks */,
				BC8B6251285087B000D46416 /* RealmSwift in Frameworks */,
				BCC7569B286AA30900CD523A /* TOCropViewController in Frameworks */,
				BC0DF1BB289267240036EC51 /* FirebaseFirestore in Frameworks */,
				BC2CDEFB287C32EA002433DC /* GoogleMobileAds in Frameworks */,
				BC0DF1C1289267240036EC51 /* FirebaseStorage in Frameworks */,
				BCC75699286AA30900CD523A /* CropViewController in Frameworks */,
				BC8B624F285087B000D46416 /* Realm in Frameworks */,
				BC0DF1BD289267240036EC51 /* FirebaseFunctions in Frameworks */,
				BC0DF1B9289267240036EC51 /* FirebaseDatabase in Frameworks */,
				BCB0B16B28507C2300DE7196 /* Tabman in Frameworks */,
				BC0DF1B5289267240036EC51 /* FirebaseAnalytics in Frameworks */,
			);
			runOnlyForDeploymentPostprocessing = 0;
		};
/* End PBXFrameworksBuildPhase section */

/* Begin PBXGroup section */
		650631522A47245400094DBF /* Application */ = {
			isa = PBXGroup;
			children = (
				BC7162F128B1E7C9001480BA /* Coordinator */,
				BCB0B151285076FF00DE7196 /* AppDelegate.swift */,
				BCB0B153285076FF00DE7196 /* SceneDelegate.swift */,
			);
			path = Application;
			sourceTree = "<group>";
		};
		650631532A47247800094DBF /* Resource */ = {
			isa = PBXGroup;
			children = (
				BCF79835285710920009A78C /* Fonts */,
				BC83F8952876ACD30027235E /* lottieFile.json */,
				BC0DF1912892595E0036EC51 /* GoogleService-Info.plist */,
				BC9493B9288142E9003FF1DB /* InfoPlist.strings */,
				BCB0B15A2850770000DE7196 /* Assets.xcassets */,
				BCB0B15C2850770000DE7196 /* LaunchScreen.storyboard */,
				BCB0B15F2850770000DE7196 /* Info.plist */,
			);
			path = Resource;
			sourceTree = "<group>";
		};
		650631542A47247F00094DBF /* Presentation */ = {
			isa = PBXGroup;
			children = (
				BCB0B16628507BEE00DE7196 /* View */,
				BCF0443A286C36F100E9CEAD /* ViewModel */,
			);
			path = Presentation;
			sourceTree = "<group>";
		};
		650631552A47248F00094DBF /* Domain */ = {
			isa = PBXGroup;
			children = (
				BCB0B16828507BF900DE7196 /* Entities */,
			);
			path = Domain;
			sourceTree = "<group>";
		};
		650631562A47249C00094DBF /* Data */ = {
			isa = PBXGroup;
			children = (
				650631632A480E3D00094DBF /* DTO */,
				650631582A472C5D00094DBF /* Network */,
			);
			path = Data;
			sourceTree = "<group>";
		};
		650631572A472B1400094DBF /* Common */ = {
			isa = PBXGroup;
			children = (
				BCB0B17628507D0B00DE7196 /* Constants.swift */,
				BCB0B17728507D0B00DE7196 /* Extensions.swift */,
			);
			path = Common;
			sourceTree = "<group>";
		};
		650631582A472C5D00094DBF /* Network */ = {
			isa = PBXGroup;
			children = (
				6506315F2A480ADB00094DBF /* FirebaseService.swift */,
				650631612A480AEC00094DBF /* RealmService.swift */,
			);
			path = Network;
			sourceTree = "<group>";
		};
		650631632A480E3D00094DBF /* DTO */ = {
			isa = PBXGroup;
			children = (
				650631642A480E5F00094DBF /* PlaceDTO.swift */,
			);
			path = DTO;
			sourceTree = "<group>";
		};
		BC0CFD8D28803F5D000A009D /* Fonts */ = {
			isa = PBXGroup;
			children = (
				BC0CFD8E28804011000A009D /* GangwonEduAllBold.otf */,
				BC0CFD8F28804011000A009D /* GangwonEduAllLight.otf */,
			);
			path = Fonts;
			sourceTree = "<group>";
		};
		BC24929628BE089B003FC64A /* DetailDatePlace */ = {
			isa = PBXGroup;
			children = (
				BC24929728BE08B4003FC64A /* DetailDatePlaceViewController.swift */,
				BCA646FB28C326E20011C8B9 /* DatePlaceCarouselView.swift */,
				BCA646FD28C328480011C8B9 /* CarouselCollectionViewCell.swift */,
			);
			path = DetailDatePlace;
			sourceTree = "<group>";
		};
		BC6ECED228D84AFF0012C818 /* DatePlace */ = {
			isa = PBXGroup;
			children = (
				BC6ECED328D84B380012C818 /* DatePlaceTabManViewController.swift */,
				BC6ECEE428D860490012C818 /* DatePlaceCollectionViewCell.swift */,
				BC6ECED528D84DAB0012C818 /* TabVC */,
				BC24929628BE089B003FC64A /* DetailDatePlace */,
			);
			path = DatePlace;
			sourceTree = "<group>";
		};
		BC6ECED528D84DAB0012C818 /* TabVC */ = {
			isa = PBXGroup;
			children = (
				BCC041B628D9714F0043037C /* CityTabViewController.swift */,
			);
			path = TabVC;
			sourceTree = "<group>";
		};
		BC7162F128B1E7C9001480BA /* Coordinator */ = {
			isa = PBXGroup;
			children = (
				BC05F82B28B09F4C003AB01E /* AppCoordinator.swift */,
			);
			path = Coordinator;
			sourceTree = "<group>";
		};
		BC78B4E8287D7B1A00DF10C6 /* coupleDayWatch */ = {
			isa = PBXGroup;
			children = (
				BC78B4E9287D7B1A00DF10C6 /* Interface.storyboard */,
				BC78B4EC287D7B1A00DF10C6 /* Assets.xcassets */,
			);
			path = coupleDayWatch;
			sourceTree = "<group>";
		};
		BC78B4F6287D7B1A00DF10C6 /* coupleDayWatch WatchKit Extension */ = {
			isa = PBXGroup;
			children = (
				BC0CFD8D28803F5D000A009D /* Fonts */,
				BC78B4F7287D7B1A00DF10C6 /* InterfaceController.swift */,
				BC78B4F9287D7B1A00DF10C6 /* ExtensionDelegate.swift */,
				BC78B4FB287D7B1A00DF10C6 /* NotificationController.swift */,
				BC78B4FD287D7B1A00DF10C6 /* ComplicationController.swift */,
				BC78B4FF287D7B1B00DF10C6 /* Assets.xcassets */,
				BC78B501287D7B1B00DF10C6 /* Info.plist */,
				BC78B502287D7B1B00DF10C6 /* PushNotificationPayload.apns */,
			);
			path = "coupleDayWatch WatchKit Extension";
			sourceTree = "<group>";
		};
		BC83F89E2876C70A0027235E /* Frameworks */ = {
			isa = PBXGroup;
			children = (
				BC83F89F2876C70A0027235E /* WidgetKit.framework */,
				BC83F8A12876C70A0027235E /* SwiftUI.framework */,
			);
			name = Frameworks;
			sourceTree = "<group>";
		};
		BC83F8CC2876D2200027235E /* coupleDayWidget */ = {
			isa = PBXGroup;
			children = (
				BC83F8CD2876D2200027235E /* coupleDayWidget.swift */,
				BC83F8CF2876D2200027235E /* Assets.xcassets */,
				BC83F8D12876D2200027235E /* Info.plist */,
			);
			path = coupleDayWidget;
			sourceTree = "<group>";
		};
		BCB0B145285076FF00DE7196 = {
			isa = PBXGroup;
			children = (
				BC83F8D928770CA20027235E /* coupleDayWidgetExtension.entitlements */,
				BCB0B150285076FF00DE7196 /* coupleDayProject */,
				BC83F8CC2876D2200027235E /* coupleDayWidget */,
				BC78B4E8287D7B1A00DF10C6 /* coupleDayWatch */,
				BC78B4F6287D7B1A00DF10C6 /* coupleDayWatch WatchKit Extension */,
				BC83F89E2876C70A0027235E /* Frameworks */,
				BCB0B14F285076FF00DE7196 /* Products */,
			);
			sourceTree = "<group>";
		};
		BCB0B14F285076FF00DE7196 /* Products */ = {
			isa = PBXGroup;
			children = (
				BCB0B14E285076FF00DE7196 /* coupleDayProject.app */,
				BC83F8C92876D2200027235E /* coupleDayWidgetExtension.appex */,
				BC78B4E7287D7B1A00DF10C6 /* coupleDayWatch.app */,
				BC78B4F2287D7B1A00DF10C6 /* coupleDayWatch WatchKit Extension.appex */,
			);
			name = Products;
			sourceTree = "<group>";
		};
		BCB0B150285076FF00DE7196 /* coupleDayProject */ = {
			isa = PBXGroup;
			children = (
				BC83F8D828770C600027235E /* coupleDayProject.entitlements */,
				650631572A472B1400094DBF /* Common */,
				650631562A47249C00094DBF /* Data */,
				650631552A47248F00094DBF /* Domain */,
				650631542A47247F00094DBF /* Presentation */,
				650631532A47247800094DBF /* Resource */,
				650631522A47245400094DBF /* Application */,
			);
			path = coupleDayProject;
			sourceTree = "<group>";
		};
		BCB0B16628507BEE00DE7196 /* View */ = {
			isa = PBXGroup;
			children = (
				BC83F8972876AD210027235E /* AppLoadingViewController.swift */,
				BCB0B17A28507D2200DE7196 /* SetBeginDayViewController.swift */,
				BCB0B18228507D2300DE7196 /* SettingViewController.swift */,
				BCB0B17B28507D2300DE7196 /* MainVC */,
			);
			path = View;
			sourceTree = "<group>";
		};
		BCB0B16828507BF900DE7196 /* Entities */ = {
			isa = PBXGroup;
			children = (
				BCB0B18A28507D2E00DE7196 /* RealmUserModel.swift */,
				BCF1B35F2868237D00641ABD /* RealmImageModel.swift */,
				BCC9F97828729B4900809A26 /* StoryStandardDayModel.swift */,
				BCC9F97A2872C15600809A26 /* AnniversaryModel.swift */,
				BCEFABFF28AA35F9004983FF /* Place.swift */,
			);
			path = Entities;
			sourceTree = "<group>";
		};
		BCB0B17B28507D2300DE7196 /* MainVC */ = {
			isa = PBXGroup;
			children = (
				BCB0B17C28507D2300DE7196 /* MainTabManViewController.swift */,
				BCB0B18128507D2300DE7196 /* MainViewController.swift */,
				BCB0B17D28507D2300DE7196 /* TabVC */,
			);
			path = MainVC;
			sourceTree = "<group>";
		};
		BCB0B17D28507D2300DE7196 /* TabVC */ = {
			isa = PBXGroup;
			children = (
				BC6ECED228D84AFF0012C818 /* DatePlace */,
				BCF03FDC286D618B00C28F71 /* Couple */,
				BCF03FDB286D618200C28F71 /* Story */,
				BCF03FDD286D61D500C28F71 /* Anniversary */,
			);
			path = TabVC;
			sourceTree = "<group>";
		};
		BCF03FDB286D618200C28F71 /* Story */ = {
			isa = PBXGroup;
			children = (
				BC8190C6286EFE3600FAD555 /* StoryTabViewController.swift */,
				BC8190C8286EFE6D00FAD555 /* StoryTableViewCell.swift */,
			);
			path = Story;
			sourceTree = "<group>";
		};
		BCF03FDC286D618B00C28F71 /* Couple */ = {
			isa = PBXGroup;
			children = (
				BCB0B17F28507D2300DE7196 /* CoupleTabViewController.swift */,
				BC2AF6E7289A9C0800A54A3D /* TodayDatePlaceCollectionViewCell.swift */,
			);
			path = Couple;
			sourceTree = "<group>";
		};
		BCF03FDD286D61D500C28F71 /* Anniversary */ = {
			isa = PBXGroup;
			children = (
				BCB0B18028507D2300DE7196 /* AnniversaryViewController.swift */,
				BC0DF1C2289278170036EC51 /* AnniversaryTableViewCell.swift */,
			);
			path = Anniversary;
			sourceTree = "<group>";
		};
		BCF0443A286C36F100E9CEAD /* ViewModel */ = {
			isa = PBXGroup;
			children = (
				BCF0443B286C37B100E9CEAD /* MainViewModel.swift */,
				BCF0443D286C55FC00E9CEAD /* CoupleTabViewModel.swift */,
			);
			path = ViewModel;
			sourceTree = "<group>";
		};
		BCF79835285710920009A78C /* Fonts */ = {
			isa = PBXGroup;
			children = (
				BCF7984B285732850009A78C /* GangwonEduAllLight.ttf */,
				BCF79849285732780009A78C /* GangwonEduAllBold.ttf */,
			);
			path = Fonts;
			sourceTree = "<group>";
		};
/* End PBXGroup section */

/* Begin PBXNativeTarget section */
		BC78B4E6287D7B1A00DF10C6 /* coupleDayWatch */ = {
			isa = PBXNativeTarget;
			buildConfigurationList = BC78B50D287D7B1B00DF10C6 /* Build configuration list for PBXNativeTarget "coupleDayWatch" */;
			buildPhases = (
				BC78B4E5287D7B1A00DF10C6 /* Resources */,
				BC78B509287D7B1B00DF10C6 /* Embed App Extensions */,
			);
			buildRules = (
			);
			dependencies = (
				BC96D74A28DAF9ED001F9B75 /* PBXTargetDependency */,
			);
			name = coupleDayWatch;
			productName = coupleDayWatch;
			productReference = BC78B4E7287D7B1A00DF10C6 /* coupleDayWatch.app */;
			productType = "com.apple.product-type.application.watchapp2";
		};
		BC78B4F1287D7B1A00DF10C6 /* coupleDayWatch WatchKit Extension */ = {
			isa = PBXNativeTarget;
			buildConfigurationList = BC78B50C287D7B1B00DF10C6 /* Build configuration list for PBXNativeTarget "coupleDayWatch WatchKit Extension" */;
			buildPhases = (
				BC78B4EE287D7B1A00DF10C6 /* Sources */,
				BC78B4EF287D7B1A00DF10C6 /* Frameworks */,
				BC78B4F0287D7B1A00DF10C6 /* Resources */,
			);
			buildRules = (
			);
			dependencies = (
			);
			name = "coupleDayWatch WatchKit Extension";
			productName = "coupleDayWatch WatchKit Extension";
			productReference = BC78B4F2287D7B1A00DF10C6 /* coupleDayWatch WatchKit Extension.appex */;
			productType = "com.apple.product-type.watchkit2-extension";
		};
		BC83F8C82876D2200027235E /* coupleDayWidgetExtension */ = {
			isa = PBXNativeTarget;
			buildConfigurationList = BC83F8D52876D2200027235E /* Build configuration list for PBXNativeTarget "coupleDayWidgetExtension" */;
			buildPhases = (
				BC83F8C52876D2200027235E /* Sources */,
				BC83F8C62876D2200027235E /* Frameworks */,
				BC83F8C72876D2200027235E /* Resources */,
			);
			buildRules = (
			);
			dependencies = (
			);
			name = coupleDayWidgetExtension;
			packageProductDependencies = (
				BC83F8DA28770EC40027235E /* Realm */,
				BC83F8DC28770EC40027235E /* RealmSwift */,
			);
			productName = coupleDayWidgetExtension;
			productReference = BC83F8C92876D2200027235E /* coupleDayWidgetExtension.appex */;
			productType = "com.apple.product-type.app-extension";
		};
		BCB0B14D285076FF00DE7196 /* coupleDayProject */ = {
			isa = PBXNativeTarget;
			buildConfigurationList = BCB0B1622850770000DE7196 /* Build configuration list for PBXNativeTarget "coupleDayProject" */;
			buildPhases = (
				BCB0B14A285076FF00DE7196 /* Sources */,
				BCB0B14B285076FF00DE7196 /* Frameworks */,
				BCB0B14C285076FF00DE7196 /* Resources */,
				BC83F8B22876C70B0027235E /* Embed App Extensions */,
				BC78B506287D7B1B00DF10C6 /* Embed Watch Content */,
			);
			buildRules = (
			);
			dependencies = (
				BC83F8D32876D2200027235E /* PBXTargetDependency */,
				BC78B504287D7B1B00DF10C6 /* PBXTargetDependency */,
			);
			name = coupleDayProject;
			packageProductDependencies = (
				BCB0B16A28507C2300DE7196 /* Tabman */,
				BC8B624E285087B000D46416 /* Realm */,
				BC8B6250285087B000D46416 /* RealmSwift */,
				BCC75698286AA30900CD523A /* CropViewController */,
				BCC7569A286AA30900CD523A /* TOCropViewController */,
				BCF03FDF286D6C0100C28F71 /* Kingfisher */,
				BC83F8932876AC170027235E /* Lottie */,
				BC2CDEFA287C32EA002433DC /* GoogleMobileAds */,
				BC0DF1B4289267240036EC51 /* FirebaseAnalytics */,
				BC0DF1B6289267240036EC51 /* FirebaseAuth */,
				BC0DF1B8289267240036EC51 /* FirebaseDatabase */,
				BC0DF1BA289267240036EC51 /* FirebaseFirestore */,
				BC0DF1BC289267240036EC51 /* FirebaseFunctions */,
				BC0DF1BE289267240036EC51 /* FirebaseMessaging */,
				BC0DF1C0289267240036EC51 /* FirebaseStorage */,
				BCF4267428C0CC6D00043887 /* SnapKit */,
			);
			productName = coupleDayProject;
			productReference = BCB0B14E285076FF00DE7196 /* coupleDayProject.app */;
			productType = "com.apple.product-type.application";
		};
/* End PBXNativeTarget section */

/* Begin PBXProject section */
		BCB0B146285076FF00DE7196 /* Project object */ = {
			isa = PBXProject;
			attributes = {
				BuildIndependentTargetsInParallel = 1;
				LastSwiftUpdateCheck = 1340;
				LastUpgradeCheck = 1330;
				TargetAttributes = {
					BC78B4E6287D7B1A00DF10C6 = {
						CreatedOnToolsVersion = 13.4.1;
					};
					BC78B4F1287D7B1A00DF10C6 = {
						CreatedOnToolsVersion = 13.4.1;
					};
					BC83F8C82876D2200027235E = {
						CreatedOnToolsVersion = 13.4.1;
					};
					BCB0B14D285076FF00DE7196 = {
						CreatedOnToolsVersion = 13.3;
					};
				};
			};
			buildConfigurationList = BCB0B149285076FF00DE7196 /* Build configuration list for PBXProject "coupleDayProject" */;
			compatibilityVersion = "Xcode 13.0";
			developmentRegion = ko;
			hasScannedForEncodings = 0;
			knownRegions = (
				Base,
				ko,
			);
			mainGroup = BCB0B145285076FF00DE7196;
			packageReferences = (
				BCB0B16928507C2300DE7196 /* XCRemoteSwiftPackageReference "Tabman" */,
				BC8B624D285087B000D46416 /* XCRemoteSwiftPackageReference "realm-swift" */,
				BCC75697286AA30900CD523A /* XCRemoteSwiftPackageReference "TOCropViewController" */,
				BCF03FDE286D6C0100C28F71 /* XCRemoteSwiftPackageReference "Kingfisher" */,
				BC83F8922876AC170027235E /* XCRemoteSwiftPackageReference "lottie-ios" */,
				BC2CDEF9287C32EA002433DC /* XCRemoteSwiftPackageReference "swift-package-manager-google-mobile-ads" */,
				BC0DF1B3289267240036EC51 /* XCRemoteSwiftPackageReference "firebase-ios-sdk" */,
				BCF4267328C0CC6D00043887 /* XCRemoteSwiftPackageReference "SnapKit" */,
			);
			productRefGroup = BCB0B14F285076FF00DE7196 /* Products */;
			projectDirPath = "";
			projectRoot = "";
			targets = (
				BCB0B14D285076FF00DE7196 /* coupleDayProject */,
				BC83F8C82876D2200027235E /* coupleDayWidgetExtension */,
				BC78B4E6287D7B1A00DF10C6 /* coupleDayWatch */,
				BC78B4F1287D7B1A00DF10C6 /* coupleDayWatch WatchKit Extension */,
			);
		};
/* End PBXProject section */

/* Begin PBXResourcesBuildPhase section */
		BC78B4E5287D7B1A00DF10C6 /* Resources */ = {
			isa = PBXResourcesBuildPhase;
			buildActionMask = 2147483647;
			files = (
				BC78B4ED287D7B1A00DF10C6 /* Assets.xcassets in Resources */,
				BC0CFD9228804011000A009D /* GangwonEduAllLight.otf in Resources */,
				BC0CFD9028804011000A009D /* GangwonEduAllBold.otf in Resources */,
				BC78B4EB287D7B1A00DF10C6 /* Interface.storyboard in Resources */,
			);
			runOnlyForDeploymentPostprocessing = 0;
		};
		BC78B4F0287D7B1A00DF10C6 /* Resources */ = {
			isa = PBXResourcesBuildPhase;
			buildActionMask = 2147483647;
			files = (
				BC78B500287D7B1B00DF10C6 /* Assets.xcassets in Resources */,
				BC0CFD9128804011000A009D /* GangwonEduAllBold.otf in Resources */,
				BC0CFD9328804011000A009D /* GangwonEduAllLight.otf in Resources */,
			);
			runOnlyForDeploymentPostprocessing = 0;
		};
		BC83F8C72876D2200027235E /* Resources */ = {
			isa = PBXResourcesBuildPhase;
			buildActionMask = 2147483647;
			files = (
				BC07971028781A9B00E7AC93 /* GangwonEduAllLight.ttf in Resources */,
				BC07971128781A9B00E7AC93 /* GangwonEduAllBold.ttf in Resources */,
				BC83F8D02876D2200027235E /* Assets.xcassets in Resources */,
			);
			runOnlyForDeploymentPostprocessing = 0;
		};
		BCB0B14C285076FF00DE7196 /* Resources */ = {
			isa = PBXResourcesBuildPhase;
			buildActionMask = 2147483647;
			files = (
				BCB0B15E2850770000DE7196 /* LaunchScreen.storyboard in Resources */,
				BC9493B7288142E9003FF1DB /* InfoPlist.strings in Resources */,
				BCF7984A285732780009A78C /* GangwonEduAllBold.ttf in Resources */,
				BC83F8962876ACD30027235E /* lottieFile.json in Resources */,
				BCB0B15B2850770000DE7196 /* Assets.xcassets in Resources */,
				BCF7984C285732850009A78C /* GangwonEduAllLight.ttf in Resources */,
				BC0DF1922892595E0036EC51 /* GoogleService-Info.plist in Resources */,
			);
			runOnlyForDeploymentPostprocessing = 0;
		};
/* End PBXResourcesBuildPhase section */

/* Begin PBXSourcesBuildPhase section */
		BC78B4EE287D7B1A00DF10C6 /* Sources */ = {
			isa = PBXSourcesBuildPhase;
			buildActionMask = 2147483647;
			files = (
				BC78B4FC287D7B1A00DF10C6 /* NotificationController.swift in Sources */,
				BC78B4FE287D7B1A00DF10C6 /* ComplicationController.swift in Sources */,
				BC78B4FA287D7B1A00DF10C6 /* ExtensionDelegate.swift in Sources */,
				BC78B4F8287D7B1A00DF10C6 /* InterfaceController.swift in Sources */,
			);
			runOnlyForDeploymentPostprocessing = 0;
		};
		BC83F8C52876D2200027235E /* Sources */ = {
			isa = PBXSourcesBuildPhase;
			buildActionMask = 2147483647;
			files = (
				BC83F8CE2876D2200027235E /* coupleDayWidget.swift in Sources */,
			);
			runOnlyForDeploymentPostprocessing = 0;
		};
		BCB0B14A285076FF00DE7196 /* Sources */ = {
			isa = PBXSourcesBuildPhase;
			buildActionMask = 2147483647;
			files = (
				BCB0B18B28507D2E00DE7196 /* RealmUserModel.swift in Sources */,
				BCB0B18328507D2300DE7196 /* SetBeginDayViewController.swift in Sources */,
				BC0DF1C3289278170036EC51 /* AnniversaryTableViewCell.swift in Sources */,
				BCB0B18628507D2300DE7196 /* CoupleTabViewController.swift in Sources */,
				BCC041B728D9714F0043037C /* CityTabViewController.swift in Sources */,
				BCC9F97928729B4900809A26 /* StoryStandardDayModel.swift in Sources */,
				BCB0B17928507D0B00DE7196 /* Extensions.swift in Sources */,
				BCB0B18428507D2300DE7196 /* MainTabManViewController.swift in Sources */,
				BC24929828BE08B4003FC64A /* DetailDatePlaceViewController.swift in Sources */,
				BC05F82C28B09F4C003AB01E /* AppCoordinator.swift in Sources */,
				BCF0443E286C55FC00E9CEAD /* CoupleTabViewModel.swift in Sources */,
				BCF1B3602868237D00641ABD /* RealmImageModel.swift in Sources */,
				BCA646FC28C326E20011C8B9 /* DatePlaceCarouselView.swift in Sources */,
				BCA646FE28C328480011C8B9 /* CarouselCollectionViewCell.swift in Sources */,
				650631622A480AEC00094DBF /* RealmService.swift in Sources */,
				BC6ECEE528D860490012C818 /* DatePlaceCollectionViewCell.swift in Sources */,
				650631602A480ADB00094DBF /* FirebaseService.swift in Sources */,
				BC6ECED428D84B380012C818 /* DatePlaceTabManViewController.swift in Sources */,
				BCB0B152285076FF00DE7196 /* AppDelegate.swift in Sources */,
				BCB0B154285076FF00DE7196 /* SceneDelegate.swift in Sources */,
				BC8190C7286EFE3600FAD555 /* StoryTabViewController.swift in Sources */,
				650631652A480E5F00094DBF /* PlaceDTO.swift in Sources */,
				BC83F8982876AD210027235E /* AppLoadingViewController.swift in Sources */,
				BCB0B18828507D2300DE7196 /* MainViewController.swift in Sources */,
				BC2AF6E8289A9C0800A54A3D /* TodayDatePlaceCollectionViewCell.swift in Sources */,
				BCC9F97B2872C15600809A26 /* AnniversaryModel.swift in Sources */,
				BCEFAC0028AA35F9004983FF /* Place.swift in Sources */,
				BCB0B17828507D0B00DE7196 /* Constants.swift in Sources */,
				BC8190C9286EFE6D00FAD555 /* StoryTableViewCell.swift in Sources */,
				BCB0B18728507D2300DE7196 /* AnniversaryViewController.swift in Sources */,
				BCF0443C286C37B100E9CEAD /* MainViewModel.swift in Sources */,
				BCB0B18928507D2300DE7196 /* SettingViewController.swift in Sources */,
			);
			runOnlyForDeploymentPostprocessing = 0;
		};
/* End PBXSourcesBuildPhase section */

/* Begin PBXTargetDependency section */
		BC78B504287D7B1B00DF10C6 /* PBXTargetDependency */ = {
			isa = PBXTargetDependency;
			target = BC78B4E6287D7B1A00DF10C6 /* coupleDayWatch */;
			targetProxy = BC78B503287D7B1B00DF10C6 /* PBXContainerItemProxy */;
		};
		BC83F8D32876D2200027235E /* PBXTargetDependency */ = {
			isa = PBXTargetDependency;
			target = BC83F8C82876D2200027235E /* coupleDayWidgetExtension */;
			targetProxy = BC83F8D22876D2200027235E /* PBXContainerItemProxy */;
		};
		BC96D74A28DAF9ED001F9B75 /* PBXTargetDependency */ = {
			isa = PBXTargetDependency;
			target = BC78B4F1287D7B1A00DF10C6 /* coupleDayWatch WatchKit Extension */;
			targetProxy = BC96D74928DAF9ED001F9B75 /* PBXContainerItemProxy */;
		};
/* End PBXTargetDependency section */

/* Begin PBXVariantGroup section */
		BC78B4E9287D7B1A00DF10C6 /* Interface.storyboard */ = {
			isa = PBXVariantGroup;
			children = (
				BC78B4EA287D7B1A00DF10C6 /* Base */,
				BC9493BB288143D4003FF1DB /* ko */,
			);
			name = Interface.storyboard;
			sourceTree = "<group>";
		};
		BC9493B9288142E9003FF1DB /* InfoPlist.strings */ = {
			isa = PBXVariantGroup;
			children = (
				BC9493BC288143D4003FF1DB /* ko */,
			);
			name = InfoPlist.strings;
			sourceTree = "<group>";
		};
		BCB0B15C2850770000DE7196 /* LaunchScreen.storyboard */ = {
			isa = PBXVariantGroup;
			children = (
				BCB0B15D2850770000DE7196 /* Base */,
				BC9493BA288143D4003FF1DB /* ko */,
			);
			name = LaunchScreen.storyboard;
			sourceTree = "<group>";
		};
/* End PBXVariantGroup section */

/* Begin XCBuildConfiguration section */
		BC78B507287D7B1B00DF10C6 /* Debug */ = {
			isa = XCBuildConfiguration;
			buildSettings = {
				ALWAYS_EMBED_SWIFT_STANDARD_LIBRARIES = YES;
				ASSETCATALOG_COMPILER_APPICON_NAME = AppIcon;
				ASSETCATALOG_COMPILER_GLOBAL_ACCENT_COLOR_NAME = AccentColor;
				CODE_SIGN_STYLE = Automatic;
				CURRENT_PROJECT_VERSION = 1;
				DEVELOPMENT_TEAM = F92UQYH2RA;
				GENERATE_INFOPLIST_FILE = YES;
				IBSC_MODULE = coupleDayWatch_WatchKit_Extension;
				INFOPLIST_KEY_CFBundleDisplayName = "너랑나랑";
				INFOPLIST_KEY_UISupportedInterfaceOrientations = "UIInterfaceOrientationPortrait UIInterfaceOrientationPortraitUpsideDown";
				INFOPLIST_KEY_WKCompanionAppBundleIdentifier = ungchun.coupleDayProject;
				MARKETING_VERSION = 1.4.0;
				PRODUCT_BUNDLE_IDENTIFIER = ungchun.coupleDayProject.watchkitapp;
				PRODUCT_NAME = "$(TARGET_NAME)";
				SDKROOT = watchos;
				SKIP_INSTALL = YES;
				SWIFT_EMIT_LOC_STRINGS = YES;
				SWIFT_VERSION = 5.0;
				TARGETED_DEVICE_FAMILY = 4;
				WATCHOS_DEPLOYMENT_TARGET = 7.0;
			};
			name = Debug;
		};
		BC78B508287D7B1B00DF10C6 /* Release */ = {
			isa = XCBuildConfiguration;
			buildSettings = {
				ALWAYS_EMBED_SWIFT_STANDARD_LIBRARIES = YES;
				ASSETCATALOG_COMPILER_APPICON_NAME = AppIcon;
				ASSETCATALOG_COMPILER_GLOBAL_ACCENT_COLOR_NAME = AccentColor;
				CODE_SIGN_STYLE = Automatic;
				CURRENT_PROJECT_VERSION = 1;
				DEVELOPMENT_TEAM = F92UQYH2RA;
				GENERATE_INFOPLIST_FILE = YES;
				IBSC_MODULE = coupleDayWatch_WatchKit_Extension;
				INFOPLIST_KEY_CFBundleDisplayName = "너랑나랑";
				INFOPLIST_KEY_UISupportedInterfaceOrientations = "UIInterfaceOrientationPortrait UIInterfaceOrientationPortraitUpsideDown";
				INFOPLIST_KEY_WKCompanionAppBundleIdentifier = ungchun.coupleDayProject;
				MARKETING_VERSION = 1.4.0;
				PRODUCT_BUNDLE_IDENTIFIER = ungchun.coupleDayProject.watchkitapp;
				PRODUCT_NAME = "$(TARGET_NAME)";
				SDKROOT = watchos;
				SKIP_INSTALL = YES;
				SWIFT_EMIT_LOC_STRINGS = YES;
				SWIFT_VERSION = 5.0;
				TARGETED_DEVICE_FAMILY = 4;
				WATCHOS_DEPLOYMENT_TARGET = 7.0;
			};
			name = Release;
		};
		BC78B50A287D7B1B00DF10C6 /* Debug */ = {
			isa = XCBuildConfiguration;
			buildSettings = {
				ASSETCATALOG_COMPILER_COMPLICATION_NAME = Complication;
				CODE_SIGN_STYLE = Automatic;
				CURRENT_PROJECT_VERSION = 1;
				DEVELOPMENT_TEAM = F92UQYH2RA;
				GENERATE_INFOPLIST_FILE = YES;
				INFOPLIST_FILE = "coupleDayWatch WatchKit Extension/Info.plist";
				INFOPLIST_KEY_CFBundleDisplayName = "coupleDayWatch WatchKit Extension";
				INFOPLIST_KEY_CLKComplicationPrincipalClass = coupleDayWatch_WatchKit_Extension.ComplicationController;
				INFOPLIST_KEY_NSHumanReadableCopyright = "";
				INFOPLIST_KEY_WKExtensionDelegateClassName = coupleDayWatch_WatchKit_Extension.ExtensionDelegate;
				LD_RUNPATH_SEARCH_PATHS = (
					"$(inherited)",
					"@executable_path/Frameworks",
					"@executable_path/../../Frameworks",
				);
				MARKETING_VERSION = 1.4.0;
				PRODUCT_BUNDLE_IDENTIFIER = ungchun.coupleDayProject.watchkitapp.watchkitextension;
				PRODUCT_NAME = "${TARGET_NAME}";
				SDKROOT = watchos;
				SKIP_INSTALL = YES;
				SWIFT_EMIT_LOC_STRINGS = YES;
				SWIFT_VERSION = 5.0;
				TARGETED_DEVICE_FAMILY = 4;
				WATCHOS_DEPLOYMENT_TARGET = 7.0;
			};
			name = Debug;
		};
		BC78B50B287D7B1B00DF10C6 /* Release */ = {
			isa = XCBuildConfiguration;
			buildSettings = {
				ASSETCATALOG_COMPILER_COMPLICATION_NAME = Complication;
				CODE_SIGN_STYLE = Automatic;
				CURRENT_PROJECT_VERSION = 1;
				DEVELOPMENT_TEAM = F92UQYH2RA;
				GENERATE_INFOPLIST_FILE = YES;
				INFOPLIST_FILE = "coupleDayWatch WatchKit Extension/Info.plist";
				INFOPLIST_KEY_CFBundleDisplayName = "coupleDayWatch WatchKit Extension";
				INFOPLIST_KEY_CLKComplicationPrincipalClass = coupleDayWatch_WatchKit_Extension.ComplicationController;
				INFOPLIST_KEY_NSHumanReadableCopyright = "";
				INFOPLIST_KEY_WKExtensionDelegateClassName = coupleDayWatch_WatchKit_Extension.ExtensionDelegate;
				LD_RUNPATH_SEARCH_PATHS = (
					"$(inherited)",
					"@executable_path/Frameworks",
					"@executable_path/../../Frameworks",
				);
				MARKETING_VERSION = 1.4.0;
				PRODUCT_BUNDLE_IDENTIFIER = ungchun.coupleDayProject.watchkitapp.watchkitextension;
				PRODUCT_NAME = "${TARGET_NAME}";
				SDKROOT = watchos;
				SKIP_INSTALL = YES;
				SWIFT_EMIT_LOC_STRINGS = YES;
				SWIFT_VERSION = 5.0;
				TARGETED_DEVICE_FAMILY = 4;
				WATCHOS_DEPLOYMENT_TARGET = 7.0;
			};
			name = Release;
		};
		BC83F8D62876D2200027235E /* Debug */ = {
			isa = XCBuildConfiguration;
			buildSettings = {
				ASSETCATALOG_COMPILER_GLOBAL_ACCENT_COLOR_NAME = AccentColor;
				ASSETCATALOG_COMPILER_WIDGET_BACKGROUND_COLOR_NAME = WidgetBackground;
				CODE_SIGN_ENTITLEMENTS = coupleDayWidgetExtension.entitlements;
				CODE_SIGN_STYLE = Automatic;
				CURRENT_PROJECT_VERSION = 1;
				DEVELOPMENT_TEAM = F92UQYH2RA;
				GENERATE_INFOPLIST_FILE = YES;
				INFOPLIST_FILE = coupleDayWidget/Info.plist;
				INFOPLIST_KEY_CFBundleDisplayName = coupleDayWidget;
				INFOPLIST_KEY_NSHumanReadableCopyright = "";
				IPHONEOS_DEPLOYMENT_TARGET = 14.0;
				LD_RUNPATH_SEARCH_PATHS = (
					"$(inherited)",
					"@executable_path/Frameworks",
					"@executable_path/../../Frameworks",
				);
				MARKETING_VERSION = 1.4.0;
				PRODUCT_BUNDLE_IDENTIFIER = ungchun.coupleDayProject.coupleDayWidget;
				PRODUCT_NAME = "$(TARGET_NAME)";
				SKIP_INSTALL = YES;
				SWIFT_EMIT_LOC_STRINGS = YES;
				SWIFT_VERSION = 5.0;
				TARGETED_DEVICE_FAMILY = 1;
			};
			name = Debug;
		};
		BC83F8D72876D2200027235E /* Release */ = {
			isa = XCBuildConfiguration;
			buildSettings = {
				ASSETCATALOG_COMPILER_GLOBAL_ACCENT_COLOR_NAME = AccentColor;
				ASSETCATALOG_COMPILER_WIDGET_BACKGROUND_COLOR_NAME = WidgetBackground;
				CODE_SIGN_ENTITLEMENTS = coupleDayWidgetExtension.entitlements;
				CODE_SIGN_STYLE = Automatic;
				CURRENT_PROJECT_VERSION = 1;
				DEVELOPMENT_TEAM = F92UQYH2RA;
				GENERATE_INFOPLIST_FILE = YES;
				INFOPLIST_FILE = coupleDayWidget/Info.plist;
				INFOPLIST_KEY_CFBundleDisplayName = coupleDayWidget;
				INFOPLIST_KEY_NSHumanReadableCopyright = "";
				IPHONEOS_DEPLOYMENT_TARGET = 14.0;
				LD_RUNPATH_SEARCH_PATHS = (
					"$(inherited)",
					"@executable_path/Frameworks",
					"@executable_path/../../Frameworks",
				);
				MARKETING_VERSION = 1.4.0;
				PRODUCT_BUNDLE_IDENTIFIER = ungchun.coupleDayProject.coupleDayWidget;
				PRODUCT_NAME = "$(TARGET_NAME)";
				SKIP_INSTALL = YES;
				SWIFT_EMIT_LOC_STRINGS = YES;
				SWIFT_VERSION = 5.0;
				TARGETED_DEVICE_FAMILY = 1;
			};
			name = Release;
		};
		BCB0B1602850770000DE7196 /* Debug */ = {
			isa = XCBuildConfiguration;
			buildSettings = {
				ALWAYS_SEARCH_USER_PATHS = NO;
				CLANG_ANALYZER_LOCALIZABILITY_NONLOCALIZED = YES;
				CLANG_ANALYZER_NONNULL = YES;
				CLANG_ANALYZER_NUMBER_OBJECT_CONVERSION = YES_AGGRESSIVE;
				CLANG_CXX_LANGUAGE_STANDARD = "gnu++17";
				CLANG_ENABLE_MODULES = YES;
				CLANG_ENABLE_OBJC_ARC = YES;
				CLANG_ENABLE_OBJC_WEAK = YES;
				CLANG_WARN_BLOCK_CAPTURE_AUTORELEASING = YES;
				CLANG_WARN_BOOL_CONVERSION = YES;
				CLANG_WARN_COMMA = YES;
				CLANG_WARN_CONSTANT_CONVERSION = YES;
				CLANG_WARN_DEPRECATED_OBJC_IMPLEMENTATIONS = YES;
				CLANG_WARN_DIRECT_OBJC_ISA_USAGE = YES_ERROR;
				CLANG_WARN_DOCUMENTATION_COMMENTS = YES;
				CLANG_WARN_EMPTY_BODY = YES;
				CLANG_WARN_ENUM_CONVERSION = YES;
				CLANG_WARN_INFINITE_RECURSION = YES;
				CLANG_WARN_INT_CONVERSION = YES;
				CLANG_WARN_NON_LITERAL_NULL_CONVERSION = YES;
				CLANG_WARN_OBJC_IMPLICIT_RETAIN_SELF = YES;
				CLANG_WARN_OBJC_LITERAL_CONVERSION = YES;
				CLANG_WARN_OBJC_ROOT_CLASS = YES_ERROR;
				CLANG_WARN_QUOTED_INCLUDE_IN_FRAMEWORK_HEADER = YES;
				CLANG_WARN_RANGE_LOOP_ANALYSIS = YES;
				CLANG_WARN_STRICT_PROTOTYPES = YES;
				CLANG_WARN_SUSPICIOUS_MOVE = YES;
				CLANG_WARN_UNGUARDED_AVAILABILITY = YES_AGGRESSIVE;
				CLANG_WARN_UNREACHABLE_CODE = YES;
				CLANG_WARN__DUPLICATE_METHOD_MATCH = YES;
				COPY_PHASE_STRIP = NO;
				DEBUG_INFORMATION_FORMAT = dwarf;
				ENABLE_STRICT_OBJC_MSGSEND = YES;
				ENABLE_TESTABILITY = YES;
				GCC_C_LANGUAGE_STANDARD = gnu11;
				GCC_DYNAMIC_NO_PIC = NO;
				GCC_NO_COMMON_BLOCKS = YES;
				GCC_OPTIMIZATION_LEVEL = 0;
				GCC_PREPROCESSOR_DEFINITIONS = (
					"DEBUG=1",
					"$(inherited)",
				);
				GCC_WARN_64_TO_32_BIT_CONVERSION = YES;
				GCC_WARN_ABOUT_RETURN_TYPE = YES_ERROR;
				GCC_WARN_UNDECLARED_SELECTOR = YES;
				GCC_WARN_UNINITIALIZED_AUTOS = YES_AGGRESSIVE;
				GCC_WARN_UNUSED_FUNCTION = YES;
				GCC_WARN_UNUSED_VARIABLE = YES;
				IPHONEOS_DEPLOYMENT_TARGET = 14.0;
				MTL_ENABLE_DEBUG_INFO = INCLUDE_SOURCE;
				MTL_FAST_MATH = YES;
				ONLY_ACTIVE_ARCH = YES;
				SDKROOT = iphoneos;
				SWIFT_ACTIVE_COMPILATION_CONDITIONS = DEBUG;
				SWIFT_OPTIMIZATION_LEVEL = "-Onone";
			};
			name = Debug;
		};
		BCB0B1612850770000DE7196 /* Release */ = {
			isa = XCBuildConfiguration;
			buildSettings = {
				ALWAYS_SEARCH_USER_PATHS = NO;
				CLANG_ANALYZER_LOCALIZABILITY_NONLOCALIZED = YES;
				CLANG_ANALYZER_NONNULL = YES;
				CLANG_ANALYZER_NUMBER_OBJECT_CONVERSION = YES_AGGRESSIVE;
				CLANG_CXX_LANGUAGE_STANDARD = "gnu++17";
				CLANG_ENABLE_MODULES = YES;
				CLANG_ENABLE_OBJC_ARC = YES;
				CLANG_ENABLE_OBJC_WEAK = YES;
				CLANG_WARN_BLOCK_CAPTURE_AUTORELEASING = YES;
				CLANG_WARN_BOOL_CONVERSION = YES;
				CLANG_WARN_COMMA = YES;
				CLANG_WARN_CONSTANT_CONVERSION = YES;
				CLANG_WARN_DEPRECATED_OBJC_IMPLEMENTATIONS = YES;
				CLANG_WARN_DIRECT_OBJC_ISA_USAGE = YES_ERROR;
				CLANG_WARN_DOCUMENTATION_COMMENTS = YES;
				CLANG_WARN_EMPTY_BODY = YES;
				CLANG_WARN_ENUM_CONVERSION = YES;
				CLANG_WARN_INFINITE_RECURSION = YES;
				CLANG_WARN_INT_CONVERSION = YES;
				CLANG_WARN_NON_LITERAL_NULL_CONVERSION = YES;
				CLANG_WARN_OBJC_IMPLICIT_RETAIN_SELF = YES;
				CLANG_WARN_OBJC_LITERAL_CONVERSION = YES;
				CLANG_WARN_OBJC_ROOT_CLASS = YES_ERROR;
				CLANG_WARN_QUOTED_INCLUDE_IN_FRAMEWORK_HEADER = YES;
				CLANG_WARN_RANGE_LOOP_ANALYSIS = YES;
				CLANG_WARN_STRICT_PROTOTYPES = YES;
				CLANG_WARN_SUSPICIOUS_MOVE = YES;
				CLANG_WARN_UNGUARDED_AVAILABILITY = YES_AGGRESSIVE;
				CLANG_WARN_UNREACHABLE_CODE = YES;
				CLANG_WARN__DUPLICATE_METHOD_MATCH = YES;
				COPY_PHASE_STRIP = NO;
				DEBUG_INFORMATION_FORMAT = "dwarf-with-dsym";
				ENABLE_NS_ASSERTIONS = NO;
				ENABLE_STRICT_OBJC_MSGSEND = YES;
				GCC_C_LANGUAGE_STANDARD = gnu11;
				GCC_NO_COMMON_BLOCKS = YES;
				GCC_WARN_64_TO_32_BIT_CONVERSION = YES;
				GCC_WARN_ABOUT_RETURN_TYPE = YES_ERROR;
				GCC_WARN_UNDECLARED_SELECTOR = YES;
				GCC_WARN_UNINITIALIZED_AUTOS = YES_AGGRESSIVE;
				GCC_WARN_UNUSED_FUNCTION = YES;
				GCC_WARN_UNUSED_VARIABLE = YES;
				IPHONEOS_DEPLOYMENT_TARGET = 14.0;
				MTL_ENABLE_DEBUG_INFO = NO;
				MTL_FAST_MATH = YES;
				SDKROOT = iphoneos;
				SWIFT_COMPILATION_MODE = wholemodule;
				SWIFT_OPTIMIZATION_LEVEL = "-O";
				VALIDATE_PRODUCT = YES;
			};
			name = Release;
		};
		BCB0B1632850770000DE7196 /* Debug */ = {
			isa = XCBuildConfiguration;
			buildSettings = {
				ALWAYS_EMBED_SWIFT_STANDARD_LIBRARIES = YES;
				ASSETCATALOG_COMPILER_APPICON_NAME = AppIcon;
				ASSETCATALOG_COMPILER_GLOBAL_ACCENT_COLOR_NAME = AccentColor;
				CODE_SIGN_ENTITLEMENTS = coupleDayProject/coupleDayProject.entitlements;
				CODE_SIGN_STYLE = Automatic;
				CURRENT_PROJECT_VERSION = 1;
				DEVELOPMENT_TEAM = F92UQYH2RA;
				GENERATE_INFOPLIST_FILE = YES;
				INFOPLIST_FILE = coupleDayProject/Resource/Info.plist;
				INFOPLIST_KEY_NSPhotoLibraryAddUsageDescription = "이미지 권한이 필요합니다";
				INFOPLIST_KEY_UIApplicationSupportsIndirectInputEvents = YES;
				INFOPLIST_KEY_UILaunchStoryboardName = LaunchScreen;
				INFOPLIST_KEY_UISupportedInterfaceOrientations_iPad = "UIInterfaceOrientationPortrait UIInterfaceOrientationPortraitUpsideDown UIInterfaceOrientationLandscapeLeft UIInterfaceOrientationLandscapeRight";
				INFOPLIST_KEY_UISupportedInterfaceOrientations_iPhone = "UIInterfaceOrientationPortrait UIInterfaceOrientationLandscapeLeft UIInterfaceOrientationLandscapeRight";
				INFOPLIST_KEY_UIUserInterfaceStyle = Light;
				INFOPLIST_KEY_WKExtensionDelegateClassName = coupleDayProject.ExtensionDelegate;
				IPHONEOS_DEPLOYMENT_TARGET = 14.0;
				LD_RUNPATH_SEARCH_PATHS = (
					"$(inherited)",
					"@executable_path/Frameworks",
				);
				MARKETING_VERSION = 1.4.0;
				PRODUCT_BUNDLE_IDENTIFIER = ungchun.coupleDayProject;
				PRODUCT_NAME = "$(TARGET_NAME)";
				SWIFT_EMIT_LOC_STRINGS = YES;
				SWIFT_VERSION = 5.0;
				TARGETED_DEVICE_FAMILY = 1;
			};
			name = Debug;
		};
		BCB0B1642850770000DE7196 /* Release */ = {
			isa = XCBuildConfiguration;
			buildSettings = {
				ALWAYS_EMBED_SWIFT_STANDARD_LIBRARIES = YES;
				ASSETCATALOG_COMPILER_APPICON_NAME = AppIcon;
				ASSETCATALOG_COMPILER_GLOBAL_ACCENT_COLOR_NAME = AccentColor;
				CODE_SIGN_ENTITLEMENTS = coupleDayProject/coupleDayProject.entitlements;
				CODE_SIGN_STYLE = Automatic;
				CURRENT_PROJECT_VERSION = 1;
				DEVELOPMENT_TEAM = F92UQYH2RA;
				GENERATE_INFOPLIST_FILE = YES;
				INFOPLIST_FILE = coupleDayProject/Resource/Info.plist;
				INFOPLIST_KEY_NSPhotoLibraryAddUsageDescription = "이미지 권한이 필요합니다";
				INFOPLIST_KEY_UIApplicationSupportsIndirectInputEvents = YES;
				INFOPLIST_KEY_UILaunchStoryboardName = LaunchScreen;
				INFOPLIST_KEY_UISupportedInterfaceOrientations_iPad = "UIInterfaceOrientationPortrait UIInterfaceOrientationPortraitUpsideDown UIInterfaceOrientationLandscapeLeft UIInterfaceOrientationLandscapeRight";
				INFOPLIST_KEY_UISupportedInterfaceOrientations_iPhone = "UIInterfaceOrientationPortrait UIInterfaceOrientationLandscapeLeft UIInterfaceOrientationLandscapeRight";
				INFOPLIST_KEY_UIUserInterfaceStyle = Light;
				INFOPLIST_KEY_WKExtensionDelegateClassName = coupleDayProject.ExtensionDelegate;
				IPHONEOS_DEPLOYMENT_TARGET = 14.0;
				LD_RUNPATH_SEARCH_PATHS = (
					"$(inherited)",
					"@executable_path/Frameworks",
				);
				MARKETING_VERSION = 1.4.0;
				PRODUCT_BUNDLE_IDENTIFIER = ungchun.coupleDayProject;
				PRODUCT_NAME = "$(TARGET_NAME)";
				SWIFT_EMIT_LOC_STRINGS = YES;
				SWIFT_VERSION = 5.0;
				TARGETED_DEVICE_FAMILY = 1;
			};
			name = Release;
		};
/* End XCBuildConfiguration section */

/* Begin XCConfigurationList section */
		BC78B50C287D7B1B00DF10C6 /* Build configuration list for PBXNativeTarget "coupleDayWatch WatchKit Extension" */ = {
			isa = XCConfigurationList;
			buildConfigurations = (
				BC78B50A287D7B1B00DF10C6 /* Debug */,
				BC78B50B287D7B1B00DF10C6 /* Release */,
			);
			defaultConfigurationIsVisible = 0;
			defaultConfigurationName = Release;
		};
		BC78B50D287D7B1B00DF10C6 /* Build configuration list for PBXNativeTarget "coupleDayWatch" */ = {
			isa = XCConfigurationList;
			buildConfigurations = (
				BC78B507287D7B1B00DF10C6 /* Debug */,
				BC78B508287D7B1B00DF10C6 /* Release */,
			);
			defaultConfigurationIsVisible = 0;
			defaultConfigurationName = Release;
		};
		BC83F8D52876D2200027235E /* Build configuration list for PBXNativeTarget "coupleDayWidgetExtension" */ = {
			isa = XCConfigurationList;
			buildConfigurations = (
				BC83F8D62876D2200027235E /* Debug */,
				BC83F8D72876D2200027235E /* Release */,
			);
			defaultConfigurationIsVisible = 0;
			defaultConfigurationName = Release;
		};
		BCB0B149285076FF00DE7196 /* Build configuration list for PBXProject "coupleDayProject" */ = {
			isa = XCConfigurationList;
			buildConfigurations = (
				BCB0B1602850770000DE7196 /* Debug */,
				BCB0B1612850770000DE7196 /* Release */,
			);
			defaultConfigurationIsVisible = 0;
			defaultConfigurationName = Release;
		};
		BCB0B1622850770000DE7196 /* Build configuration list for PBXNativeTarget "coupleDayProject" */ = {
			isa = XCConfigurationList;
			buildConfigurations = (
				BCB0B1632850770000DE7196 /* Debug */,
				BCB0B1642850770000DE7196 /* Release */,
			);
			defaultConfigurationIsVisible = 0;
			defaultConfigurationName = Release;
		};
/* End XCConfigurationList section */

/* Begin XCRemoteSwiftPackageReference section */
		BC0DF1B3289267240036EC51 /* XCRemoteSwiftPackageReference "firebase-ios-sdk" */ = {
			isa = XCRemoteSwiftPackageReference;
			repositoryURL = "https://github.com/firebase/firebase-ios-sdk.git";
			requirement = {
				branch = master;
				kind = branch;
			};
		};
		BC2CDEF9287C32EA002433DC /* XCRemoteSwiftPackageReference "swift-package-manager-google-mobile-ads" */ = {
			isa = XCRemoteSwiftPackageReference;
			repositoryURL = "https://github.com/googleads/swift-package-manager-google-mobile-ads.git";
			requirement = {
				branch = main;
				kind = branch;
			};
		};
		BC83F8922876AC170027235E /* XCRemoteSwiftPackageReference "lottie-ios" */ = {
			isa = XCRemoteSwiftPackageReference;
			repositoryURL = "https://github.com/airbnb/lottie-ios";
			requirement = {
				branch = master;
				kind = branch;
			};
		};
		BC8B624D285087B000D46416 /* XCRemoteSwiftPackageReference "realm-swift" */ = {
			isa = XCRemoteSwiftPackageReference;
			repositoryURL = "https://github.com/realm/realm-swift.git";
			requirement = {
				branch = master;
				kind = branch;
			};
		};
		BCB0B16928507C2300DE7196 /* XCRemoteSwiftPackageReference "Tabman" */ = {
			isa = XCRemoteSwiftPackageReference;
			repositoryURL = "https://github.com/uias/Tabman";
			requirement = {
				branch = main;
				kind = branch;
			};
		};
		BCC75697286AA30900CD523A /* XCRemoteSwiftPackageReference "TOCropViewController" */ = {
			isa = XCRemoteSwiftPackageReference;
			repositoryURL = "https://github.com/TimOliver/TOCropViewController.git";
			requirement = {
				kind = upToNextMajorVersion;
				minimumVersion = 2.0.0;
			};
		};
		BCF03FDE286D6C0100C28F71 /* XCRemoteSwiftPackageReference "Kingfisher" */ = {
			isa = XCRemoteSwiftPackageReference;
			repositoryURL = "https://github.com/onevcat/Kingfisher.git";
			requirement = {
				kind = upToNextMajorVersion;
				minimumVersion = 7.0.0;
			};
		};
		BCF4267328C0CC6D00043887 /* XCRemoteSwiftPackageReference "SnapKit" */ = {
			isa = XCRemoteSwiftPackageReference;
			repositoryURL = "https://github.com/SnapKit/SnapKit.git";
			requirement = {
				branch = develop;
				kind = branch;
			};
		};
/* End XCRemoteSwiftPackageReference section */

/* Begin XCSwiftPackageProductDependency section */
		BC0DF1B4289267240036EC51 /* FirebaseAnalytics */ = {
			isa = XCSwiftPackageProductDependency;
			package = BC0DF1B3289267240036EC51 /* XCRemoteSwiftPackageReference "firebase-ios-sdk" */;
			productName = FirebaseAnalytics;
		};
		BC0DF1B6289267240036EC51 /* FirebaseAuth */ = {
			isa = XCSwiftPackageProductDependency;
			package = BC0DF1B3289267240036EC51 /* XCRemoteSwiftPackageReference "firebase-ios-sdk" */;
			productName = FirebaseAuth;
		};
		BC0DF1B8289267240036EC51 /* FirebaseDatabase */ = {
			isa = XCSwiftPackageProductDependency;
			package = BC0DF1B3289267240036EC51 /* XCRemoteSwiftPackageReference "firebase-ios-sdk" */;
			productName = FirebaseDatabase;
		};
		BC0DF1BA289267240036EC51 /* FirebaseFirestore */ = {
			isa = XCSwiftPackageProductDependency;
			package = BC0DF1B3289267240036EC51 /* XCRemoteSwiftPackageReference "firebase-ios-sdk" */;
			productName = FirebaseFirestore;
		};
		BC0DF1BC289267240036EC51 /* FirebaseFunctions */ = {
			isa = XCSwiftPackageProductDependency;
			package = BC0DF1B3289267240036EC51 /* XCRemoteSwiftPackageReference "firebase-ios-sdk" */;
			productName = FirebaseFunctions;
		};
		BC0DF1BE289267240036EC51 /* FirebaseMessaging */ = {
			isa = XCSwiftPackageProductDependency;
			package = BC0DF1B3289267240036EC51 /* XCRemoteSwiftPackageReference "firebase-ios-sdk" */;
			productName = FirebaseMessaging;
		};
		BC0DF1C0289267240036EC51 /* FirebaseStorage */ = {
			isa = XCSwiftPackageProductDependency;
			package = BC0DF1B3289267240036EC51 /* XCRemoteSwiftPackageReference "firebase-ios-sdk" */;
			productName = FirebaseStorage;
		};
		BC2CDEFA287C32EA002433DC /* GoogleMobileAds */ = {
			isa = XCSwiftPackageProductDependency;
			package = BC2CDEF9287C32EA002433DC /* XCRemoteSwiftPackageReference "swift-package-manager-google-mobile-ads" */;
			productName = GoogleMobileAds;
		};
		BC83F8932876AC170027235E /* Lottie */ = {
			isa = XCSwiftPackageProductDependency;
			package = BC83F8922876AC170027235E /* XCRemoteSwiftPackageReference "lottie-ios" */;
			productName = Lottie;
		};
		BC83F8DA28770EC40027235E /* Realm */ = {
			isa = XCSwiftPackageProductDependency;
			package = BC8B624D285087B000D46416 /* XCRemoteSwiftPackageReference "realm-swift" */;
			productName = Realm;
		};
		BC83F8DC28770EC40027235E /* RealmSwift */ = {
			isa = XCSwiftPackageProductDependency;
			package = BC8B624D285087B000D46416 /* XCRemoteSwiftPackageReference "realm-swift" */;
			productName = RealmSwift;
		};
		BC8B624E285087B000D46416 /* Realm */ = {
			isa = XCSwiftPackageProductDependency;
			package = BC8B624D285087B000D46416 /* XCRemoteSwiftPackageReference "realm-swift" */;
			productName = Realm;
		};
		BC8B6250285087B000D46416 /* RealmSwift */ = {
			isa = XCSwiftPackageProductDependency;
			package = BC8B624D285087B000D46416 /* XCRemoteSwiftPackageReference "realm-swift" */;
			productName = RealmSwift;
		};
		BCB0B16A28507C2300DE7196 /* Tabman */ = {
			isa = XCSwiftPackageProductDependency;
			package = BCB0B16928507C2300DE7196 /* XCRemoteSwiftPackageReference "Tabman" */;
			productName = Tabman;
		};
		BCC75698286AA30900CD523A /* CropViewController */ = {
			isa = XCSwiftPackageProductDependency;
			package = BCC75697286AA30900CD523A /* XCRemoteSwiftPackageReference "TOCropViewController" */;
			productName = CropViewController;
		};
		BCC7569A286AA30900CD523A /* TOCropViewController */ = {
			isa = XCSwiftPackageProductDependency;
			package = BCC75697286AA30900CD523A /* XCRemoteSwiftPackageReference "TOCropViewController" */;
			productName = TOCropViewController;
		};
		BCF03FDF286D6C0100C28F71 /* Kingfisher */ = {
			isa = XCSwiftPackageProductDependency;
			package = BCF03FDE286D6C0100C28F71 /* XCRemoteSwiftPackageReference "Kingfisher" */;
			productName = Kingfisher;
		};
		BCF4267428C0CC6D00043887 /* SnapKit */ = {
			isa = XCSwiftPackageProductDependency;
			package = BCF4267328C0CC6D00043887 /* XCRemoteSwiftPackageReference "SnapKit" */;
			productName = SnapKit;
		};
/* End XCSwiftPackageProductDependency section */
	};
	rootObject = BCB0B146285076FF00DE7196 /* Project object */;
}
